// !$*UTF8*$!
{
	archiveVersion = 1;
	classes = {
	};
	objectVersion = 77;
	objects = {

/* Begin PBXContainerItemProxy section */
		2317C65B2D6D96DE00F8E1D4 /* PBXContainerItemProxy */ = {
			isa = PBXContainerItemProxy;
			containerPortal = 2317C63C2D6D96DC00F8E1D4 /* Project object */;
			proxyType = 1;
			remoteGlobalIDString = 2317C6432D6D96DC00F8E1D4;
			remoteInfo = TechEnglish;
		};
		2317C6652D6D96DE00F8E1D4 /* PBXContainerItemProxy */ = {
			isa = PBXContainerItemProxy;
			containerPortal = 2317C63C2D6D96DC00F8E1D4 /* Project object */;
			proxyType = 1;
			remoteGlobalIDString = 2317C6432D6D96DC00F8E1D4;
			remoteInfo = TechEnglish;
		};
/* End PBXContainerItemProxy section */

/* Begin PBXFileReference section */
		2317C6442D6D96DC00F8E1D4 /* TechEnglish.app */ = {isa = PBXFileReference; explicitFileType = wrapper.application; includeInIndex = 0; path = TechEnglish.app; sourceTree = BUILT_PRODUCTS_DIR; };
		2317C65A2D6D96DE00F8E1D4 /* TechEnglishTests.xctest */ = {isa = PBXFileReference; explicitFileType = wrapper.cfbundle; includeInIndex = 0; path = TechEnglishTests.xctest; sourceTree = BUILT_PRODUCTS_DIR; };
		2317C6642D6D96DE00F8E1D4 /* TechEnglishUITests.xctest */ = {isa = PBXFileReference; explicitFileType = wrapper.cfbundle; includeInIndex = 0; path = TechEnglishUITests.xctest; sourceTree = BUILT_PRODUCTS_DIR; };
/* End PBXFileReference section */

/* Begin PBXFileSystemSynchronizedBuildFileExceptionSet section */
		2317C66C2D6D96DE00F8E1D4 /* Exceptions for "TechEnglish" folder in "TechEnglish" target */ = {
			isa = PBXFileSystemSynchronizedBuildFileExceptionSet;
			membershipExceptions = (
				Info.plist,
			);
			target = 2317C6432D6D96DC00F8E1D4 /* TechEnglish */;
		};
/* End PBXFileSystemSynchronizedBuildFileExceptionSet section */

/* Begin PBXFileSystemSynchronizedRootGroup section */
		2317C6462D6D96DC00F8E1D4 /* TechEnglish */ = {
			isa = PBXFileSystemSynchronizedRootGroup;
			exceptions = (
				2317C66C2D6D96DE00F8E1D4 /* Exceptions for "TechEnglish" folder in "TechEnglish" target */,
			);
			path = TechEnglish;
			sourceTree = "<group>";
		};
		2317C65D2D6D96DE00F8E1D4 /* TechEnglishTests */ = {
			isa = PBXFileSystemSynchronizedRootGroup;
			path = TechEnglishTests;
			sourceTree = "<group>";
		};
		2317C6672D6D96DE00F8E1D4 /* TechEnglishUITests */ = {
			isa = PBXFileSystemSynchronizedRootGroup;
			path = TechEnglishUITests;
			sourceTree = "<group>";
		};
/* End PBXFileSystemSynchronizedRootGroup section */

/* Begin PBXFrameworksBuildPhase section */
		2317C6412D6D96DC00F8E1D4 /* Frameworks */ = {
			isa = PBXFrameworksBuildPhase;
			buildActionMask = 2147483647;
			files = (
			);
			runOnlyForDeploymentPostprocessing = 0;
		};
		2317C6572D6D96DE00F8E1D4 /* Frameworks */ = {
			isa = PBXFrameworksBuildPhase;
			buildActionMask = 2147483647;
			files = (
			);
			runOnlyForDeploymentPostprocessing = 0;
		};
		2317C6612D6D96DE00F8E1D4 /* Frameworks */ = {
			isa = PBXFrameworksBuildPhase;
			buildActionMask = 2147483647;
			files = (
			);
			runOnlyForDeploymentPostprocessing = 0;
		};
/* End PBXFrameworksBuildPhase section */

/* Begin PBXGroup section */
		2317C63B2D6D96DC00F8E1D4 = {
			isa = PBXGroup;
			children = (
				2317C6462D6D96DC00F8E1D4 /* TechEnglish */,
				2317C65D2D6D96DE00F8E1D4 /* TechEnglishTests */,
				2317C6672D6D96DE00F8E1D4 /* TechEnglishUITests */,
				2317C6452D6D96DC00F8E1D4 /* Products */,
			);
			sourceTree = "<group>";
		};
		2317C6452D6D96DC00F8E1D4 /* Products */ = {
			isa = PBXGroup;
			children = (
				2317C6442D6D96DC00F8E1D4 /* TechEnglish.app */,
				2317C65A2D6D96DE00F8E1D4 /* TechEnglishTests.xctest */,
				2317C6642D6D96DE00F8E1D4 /* TechEnglishUITests.xctest */,
			);
			name = Products;
			sourceTree = "<group>";
		};
/* End PBXGroup section */

/* Begin PBXNativeTarget section */
		2317C6432D6D96DC00F8E1D4 /* TechEnglish */ = {
			isa = PBXNativeTarget;
			buildConfigurationList = 2317C66D2D6D96DE00F8E1D4 /* Build configuration list for PBXNativeTarget "TechEnglish" */;
			buildPhases = (
				2317C6402D6D96DC00F8E1D4 /* Sources */,
				2317C6412D6D96DC00F8E1D4 /* Frameworks */,
				2317C6422D6D96DC00F8E1D4 /* Resources */,
			);
			buildRules = (
			);
			dependencies = (
			);
			fileSystemSynchronizedGroups = (
				2317C6462D6D96DC00F8E1D4 /* TechEnglish */,
			);
			name = TechEnglish;
			packageProductDependencies = (
			);
			productName = TechEnglish;
			productReference = 2317C6442D6D96DC00F8E1D4 /* TechEnglish.app */;
			productType = "com.apple.product-type.application";
		};
		2317C6592D6D96DE00F8E1D4 /* TechEnglishTests */ = {
			isa = PBXNativeTarget;
			buildConfigurationList = 2317C6722D6D96DE00F8E1D4 /* Build configuration list for PBXNativeTarget "TechEnglishTests" */;
			buildPhases = (
				2317C6562D6D96DE00F8E1D4 /* Sources */,
				2317C6572D6D96DE00F8E1D4 /* Frameworks */,
				2317C6582D6D96DE00F8E1D4 /* Resources */,
			);
			buildRules = (
			);
			dependencies = (
				2317C65C2D6D96DE00F8E1D4 /* PBXTargetDependency */,
			);
			fileSystemSynchronizedGroups = (
				2317C65D2D6D96DE00F8E1D4 /* TechEnglishTests */,
			);
			name = TechEnglishTests;
			packageProductDependencies = (
			);
			productName = TechEnglishTests;
			productReference = 2317C65A2D6D96DE00F8E1D4 /* TechEnglishTests.xctest */;
			productType = "com.apple.product-type.bundle.unit-test";
		};
		2317C6632D6D96DE00F8E1D4 /* TechEnglishUITests */ = {
			isa = PBXNativeTarget;
			buildConfigurationList = 2317C6752D6D96DE00F8E1D4 /* Build configuration list for PBXNativeTarget "TechEnglishUITests" */;
			buildPhases = (
				2317C6602D6D96DE00F8E1D4 /* Sources */,
				2317C6612D6D96DE00F8E1D4 /* Frameworks */,
				2317C6622D6D96DE00F8E1D4 /* Resources */,
			);
			buildRules = (
			);
			dependencies = (
				2317C6662D6D96DE00F8E1D4 /* PBXTargetDependency */,
			);
			fileSystemSynchronizedGroups = (
				2317C6672D6D96DE00F8E1D4 /* TechEnglishUITests */,
			);
			name = TechEnglishUITests;
			packageProductDependencies = (
			);
			productName = TechEnglishUITests;
			productReference = 2317C6642D6D96DE00F8E1D4 /* TechEnglishUITests.xctest */;
			productType = "com.apple.product-type.bundle.ui-testing";
		};
/* End PBXNativeTarget section */

/* Begin PBXProject section */
		2317C63C2D6D96DC00F8E1D4 /* Project object */ = {
			isa = PBXProject;
			attributes = {
				BuildIndependentTargetsInParallel = 1;
				LastSwiftUpdateCheck = 1620;
				LastUpgradeCheck = 1620;
				TargetAttributes = {
					2317C6432D6D96DC00F8E1D4 = {
						CreatedOnToolsVersion = 16.2;
					};
					2317C6592D6D96DE00F8E1D4 = {
						CreatedOnToolsVersion = 16.2;
						TestTargetID = 2317C6432D6D96DC00F8E1D4;
					};
					2317C6632D6D96DE00F8E1D4 = {
						CreatedOnToolsVersion = 16.2;
						TestTargetID = 2317C6432D6D96DC00F8E1D4;
					};
				};
			};
			buildConfigurationList = 2317C63F2D6D96DC00F8E1D4 /* Build configuration list for PBXProject "TechEnglish" */;
			developmentRegion = en;
			hasScannedForEncodings = 0;
			knownRegions = (
				en,
				Base,
			);
			mainGroup = 2317C63B2D6D96DC00F8E1D4;
			minimizedProjectReferenceProxies = 1;
			preferredProjectObjectVersion = 77;
			productRefGroup = 2317C6452D6D96DC00F8E1D4 /* Products */;
			projectDirPath = "";
			projectRoot = "";
			targets = (
				2317C6432D6D96DC00F8E1D4 /* TechEnglish */,
				2317C6592D6D96DE00F8E1D4 /* TechEnglishTests */,
				2317C6632D6D96DE00F8E1D4 /* TechEnglishUITests */,
			);
		};
/* End PBXProject section */

/* Begin PBXResourcesBuildPhase section */
		2317C6422D6D96DC00F8E1D4 /* Resources */ = {
			isa = PBXResourcesBuildPhase;
			buildActionMask = 2147483647;
			files = (
			);
			runOnlyForDeploymentPostprocessing = 0;
		};
		2317C6582D6D96DE00F8E1D4 /* Resources */ = {
			isa = PBXResourcesBuildPhase;
			buildActionMask = 2147483647;
			files = (
			);
			runOnlyForDeploymentPostprocessing = 0;
		};
		2317C6622D6D96DE00F8E1D4 /* Resources */ = {
			isa = PBXResourcesBuildPhase;
			buildActionMask = 2147483647;
			files = (
			);
			runOnlyForDeploymentPostprocessing = 0;
		};
/* End PBXResourcesBuildPhase section */

/* Begin PBXSourcesBuildPhase section */
		2317C6402D6D96DC00F8E1D4 /* Sources */ = {
			isa = PBXSourcesBuildPhase;
			buildActionMask = 2147483647;
			files = (
			);
			runOnlyForDeploymentPostprocessing = 0;
		};
		2317C6562D6D96DE00F8E1D4 /* Sources */ = {
			isa = PBXSourcesBuildPhase;
			buildActionMask = 2147483647;
			files = (
			);
			runOnlyForDeploymentPostprocessing = 0;
		};
		2317C6602D6D96DE00F8E1D4 /* Sources */ = {
			isa = PBXSourcesBuildPhase;
			buildActionMask = 2147483647;
			files = (
			);
			runOnlyForDeploymentPostprocessing = 0;
		};
/* End PBXSourcesBuildPhase section */

/* Begin PBXTargetDependency section */
		2317C65C2D6D96DE00F8E1D4 /* PBXTargetDependency */ = {
			isa = PBXTargetDependency;
			target = 2317C6432D6D96DC00F8E1D4 /* TechEnglish */;
			targetProxy = 2317C65B2D6D96DE00F8E1D4 /* PBXContainerItemProxy */;
		};
		2317C6662D6D96DE00F8E1D4 /* PBXTargetDependency */ = {
			isa = PBXTargetDependency;
			target = 2317C6432D6D96DC00F8E1D4 /* TechEnglish */;
			targetProxy = 2317C6652D6D96DE00F8E1D4 /* PBXContainerItemProxy */;
		};
/* End PBXTargetDependency section */

/* Begin XCBuildConfiguration section */
		2317C66E2D6D96DE00F8E1D4 /* Debug */ = {
			isa = XCBuildConfiguration;
			buildSettings = {
				ASSETCATALOG_COMPILER_APPICON_NAME = AppIcon;
				ASSETCATALOG_COMPILER_GLOBAL_ACCENT_COLOR_NAME = AccentColor;
				CODE_SIGN_STYLE = Automatic;
				CURRENT_PROJECT_VERSION = 1;
				DEVELOPMENT_TEAM = RXTSJ9F9Z8;
				GENERATE_INFOPLIST_FILE = YES;
				INFOPLIST_FILE = TechEnglish/Info.plist;
				INFOPLIST_KEY_UIApplicationSupportsIndirectInputEvents = YES;
				INFOPLIST_KEY_UILaunchStoryboardName = LaunchScreen;
				INFOPLIST_KEY_UISupportedInterfaceOrientations_iPad = "UIInterfaceOrientationPortrait UIInterfaceOrientationPortraitUpsideDown UIInterfaceOrientationLandscapeLeft UIInterfaceOrientationLandscapeRight";
				INFOPLIST_KEY_UISupportedInterfaceOrientations_iPhone = "UIInterfaceOrientationPortrait UIInterfaceOrientationLandscapeLeft UIInterfaceOrientationLandscapeRight";
				LD_RUNPATH_SEARCH_PATHS = (
					"$(inherited)",
					"@executable_path/Frameworks",
				);
				MARKETING_VERSION = 1.0;
				PRODUCT_BUNDLE_IDENTIFIER = com.katsuyatamai.TechEnglish;
				PRODUCT_NAME = "$(TARGET_NAME)";
				SWIFT_EMIT_LOC_STRINGS = YES;
				SWIFT_VERSION = 5.0;
				TARGETED_DEVICE_FAMILY = "1,2";
			};
			name = Debug;
		};
		2317C66F2D6D96DE00F8E1D4 /* Release */ = {
			isa = XCBuildConfiguration;
			buildSettings = {
				ASSETCATALOG_COMPILER_APPICON_NAME = AppIcon;
				ASSETCATALOG_COMPILER_GLOBAL_ACCENT_COLOR_NAME = AccentColor;
				CODE_SIGN_STYLE = Automatic;
				CURRENT_PROJECT_VERSION = 1;
				DEVELOPMENT_TEAM = RXTSJ9F9Z8;
				GENERATE_INFOPLIST_FILE = YES;
				INFOPLIST_FILE = TechEnglish/Info.plist;
				INFOPLIST_KEY_UIApplicationSupportsIndirectInputEvents = YES;
				INFOPLIST_KEY_UILaunchStoryboardName = LaunchScreen;
				INFOPLIST_KEY_UISupportedInterfaceOrientations_iPad = "UIInterfaceOrientationPortrait UIInterfaceOrientationPortraitUpsideDown UIInterfaceOrientationLandscapeLeft UIInterfaceOrientationLandscapeRight";
				INFOPLIST_KEY_UISupportedInterfaceOrientations_iPhone = "UIInterfaceOrientationPortrait UIInterfaceOrientationLandscapeLeft UIInterfaceOrientationLandscapeRight";
				LD_RUNPATH_SEARCH_PATHS = (
					"$(inherited)",
					"@executable_path/Frameworks",
				);
				MARKETING_VERSION = 1.0;
				PRODUCT_BUNDLE_IDENTIFIER = com.katsuyatamai.TechEnglish;
				PRODUCT_NAME = "$(TARGET_NAME)";
				SWIFT_EMIT_LOC_STRINGS = YES;
				SWIFT_VERSION = 5.0;
				TARGETED_DEVICE_FAMILY = "1,2";
			};
			name = Release;
		};
		2317C6702D6D96DE00F8E1D4 /* Debug */ = {
			isa = XCBuildConfiguration;
			buildSettings = {
				ALWAYS_SEARCH_USER_PATHS = NO;
				ASSETCATALOG_COMPILER_GENERATE_SWIFT_ASSET_SYMBOL_EXTENSIONS = YES;
				CLANG_ANALYZER_NONNULL = YES;
				CLANG_ANALYZER_NUMBER_OBJECT_CONVERSION = YES_AGGRESSIVE;
				CLANG_CXX_LANGUAGE_STANDARD = "gnu++20";
				CLANG_ENABLE_MODULES = YES;
				CLANG_ENABLE_OBJC_ARC = YES;
				CLANG_ENABLE_OBJC_WEAK = YES;
				CLANG_WARN_BLOCK_CAPTURE_AUTORELEASING = YES;
				CLANG_WARN_BOOL_CONVERSION = YES;
				CLANG_WARN_COMMA = YES;
				CLANG_WARN_CONSTANT_CONVERSION = YES;
				CLANG_WARN_DEPRECATED_OBJC_IMPLEMENTATIONS = YES;
				CLANG_WARN_DIRECT_OBJC_ISA_USAGE = YES_ERROR;
				CLANG_WARN_DOCUMENTATION_COMMENTS = YES;
				CLANG_WARN_EMPTY_BODY = YES;
				CLANG_WARN_ENUM_CONVERSION = YES;
				CLANG_WARN_INFINITE_RECURSION = YES;
				CLANG_WARN_INT_CONVERSION = YES;
				CLANG_WARN_NON_LITERAL_NULL_CONVERSION = YES;
				CLANG_WARN_OBJC_IMPLICIT_RETAIN_SELF = YES;
				CLANG_WARN_OBJC_LITERAL_CONVERSION = YES;
				CLANG_WARN_OBJC_ROOT_CLASS = YES_ERROR;
				CLANG_WARN_QUOTED_INCLUDE_IN_FRAMEWORK_HEADER = YES;
				CLANG_WARN_RANGE_LOOP_ANALYSIS = YES;
				CLANG_WARN_STRICT_PROTOTYPES = YES;
				CLANG_WARN_SUSPICIOUS_MOVE = YES;
				CLANG_WARN_UNGUARDED_AVAILABILITY = YES_AGGRESSIVE;
				CLANG_WARN_UNREACHABLE_CODE = YES;
				CLANG_WARN__DUPLICATE_METHOD_MATCH = YES;
				COPY_PHASE_STRIP = NO;
				DEBUG_INFORMATION_FORMAT = dwarf;
				ENABLE_STRICT_OBJC_MSGSEND = YES;
				ENABLE_TESTABILITY = YES;
				ENABLE_USER_SCRIPT_SANDBOXING = YES;
				GCC_C_LANGUAGE_STANDARD = gnu17;
				GCC_DYNAMIC_NO_PIC = NO;
				GCC_NO_COMMON_BLOCKS = YES;
				GCC_OPTIMIZATION_LEVEL = 0;
				GCC_PREPROCESSOR_DEFINITIONS = (
					"DEBUG=1",
					"$(inherited)",
				);
				GCC_WARN_64_TO_32_BIT_CONVERSION = YES;
				GCC_WARN_ABOUT_RETURN_TYPE = YES_ERROR;
				GCC_WARN_UNDECLARED_SELECTOR = YES;
				GCC_WARN_UNINITIALIZED_AUTOS = YES_AGGRESSIVE;
				GCC_WARN_UNUSED_FUNCTION = YES;
				GCC_WARN_UNUSED_VARIABLE = YES;
				IPHONEOS_DEPLOYMENT_TARGET = 18.2;
				LOCALIZATION_PREFERS_STRING_CATALOGS = YES;
				MTL_ENABLE_DEBUG_INFO = INCLUDE_SOURCE;
				MTL_FAST_MATH = YES;
				ONLY_ACTIVE_ARCH = YES;
				SDKROOT = iphoneos;
				SWIFT_ACTIVE_COMPILATION_CONDITIONS = "DEBUG $(inherited)";
				SWIFT_OPTIMIZATION_LEVEL = "-Onone";
			};
			name = Debug;
		};
		2317C6712D6D96DE00F8E1D4 /* Release */ = {
			isa = XCBuildConfiguration;
			buildSettings = {
				ALWAYS_SEARCH_USER_PATHS = NO;
				ASSETCATALOG_COMPILER_GENERATE_SWIFT_ASSET_SYMBOL_EXTENSIONS = YES;
				CLANG_ANALYZER_NONNULL = YES;
				CLANG_ANALYZER_NUMBER_OBJECT_CONVERSION = YES_AGGRESSIVE;
				CLANG_CXX_LANGUAGE_STANDARD = "gnu++20";
				CLANG_ENABLE_MODULES = YES;
				CLANG_ENABLE_OBJC_ARC = YES;
				CLANG_ENABLE_OBJC_WEAK = YES;
				CLANG_WARN_BLOCK_CAPTURE_AUTORELEASING = YES;
				CLANG_WARN_BOOL_CONVERSION = YES;
				CLANG_WARN_COMMA = YES;
				CLANG_WARN_CONSTANT_CONVERSION = YES;
				CLANG_WARN_DEPRECATED_OBJC_IMPLEMENTATIONS = YES;
				CLANG_WARN_DIRECT_OBJC_ISA_USAGE = YES_ERROR;
				CLANG_WARN_DOCUMENTATION_COMMENTS = YES;
				CLANG_WARN_EMPTY_BODY = YES;
				CLANG_WARN_ENUM_CONVERSION = YES;
				CLANG_WARN_INFINITE_RECURSION = YES;
				CLANG_WARN_INT_CONVERSION = YES;
				CLANG_WARN_NON_LITERAL_NULL_CONVERSION = YES;
				CLANG_WARN_OBJC_IMPLICIT_RETAIN_SELF = YES;
				CLANG_WARN_OBJC_LITERAL_CONVERSION = YES;
				CLANG_WARN_OBJC_ROOT_CLASS = YES_ERROR;
				CLANG_WARN_QUOTED_INCLUDE_IN_FRAMEWORK_HEADER = YES;
				CLANG_WARN_RANGE_LOOP_ANALYSIS = YES;
				CLANG_WARN_STRICT_PROTOTYPES = YES;
				CLANG_WARN_SUSPICIOUS_MOVE = YES;
				CLANG_WARN_UNGUARDED_AVAILABILITY = YES_AGGRESSIVE;
				CLANG_WARN_UNREACHABLE_CODE = YES;
				CLANG_WARN__DUPLICATE_METHOD_MATCH = YES;
				COPY_PHASE_STRIP = NO;
				DEBUG_INFORMATION_FORMAT = "dwarf-with-dsym";
				ENABLE_NS_ASSERTIONS = NO;
				ENABLE_STRICT_OBJC_MSGSEND = YES;
				ENABLE_USER_SCRIPT_SANDBOXING = YES;
				GCC_C_LANGUAGE_STANDARD = gnu17;
				GCC_NO_COMMON_BLOCKS = YES;
				GCC_WARN_64_TO_32_BIT_CONVERSION = YES;
				GCC_WARN_ABOUT_RETURN_TYPE = YES_ERROR;
				GCC_WARN_UNDECLARED_SELECTOR = YES;
				GCC_WARN_UNINITIALIZED_AUTOS = YES_AGGRESSIVE;
				GCC_WARN_UNUSED_FUNCTION = YES;
				GCC_WARN_UNUSED_VARIABLE = YES;
				IPHONEOS_DEPLOYMENT_TARGET = 18.2;
				LOCALIZATION_PREFERS_STRING_CATALOGS = YES;
				MTL_ENABLE_DEBUG_INFO = NO;
				MTL_FAST_MATH = YES;
				SDKROOT = iphoneos;
				SWIFT_COMPILATION_MODE = wholemodule;
				VALIDATE_PRODUCT = YES;
			};
			name = Release;
		};
		2317C6732D6D96DE00F8E1D4 /* Debug */ = {
			isa = XCBuildConfiguration;
			buildSettings = {
				BUNDLE_LOADER = "$(TEST_HOST)";
				CODE_SIGN_STYLE = Automatic;
				CURRENT_PROJECT_VERSION = 1;
				DEVELOPMENT_TEAM = RXTSJ9F9Z8;
				GENERATE_INFOPLIST_FILE = YES;
				IPHONEOS_DEPLOYMENT_TARGET = 18.2;
				MARKETING_VERSION = 1.0;
				PRODUCT_BUNDLE_IDENTIFIER = com.katsuyatamai.TechEnglishTests;
				PRODUCT_NAME = "$(TARGET_NAME)";
				SWIFT_EMIT_LOC_STRINGS = NO;
				SWIFT_VERSION = 5.0;
				TARGETED_DEVICE_FAMILY = "1,2";
				TEST_HOST = "$(BUILT_PRODUCTS_DIR)/TechEnglish.app/$(BUNDLE_EXECUTABLE_FOLDER_PATH)/TechEnglish";
			};
			name = Debug;
		};
		2317C6742D6D96DE00F8E1D4 /* Release */ = {
			isa = XCBuildConfiguration;
			buildSettings = {
				BUNDLE_LOADER = "$(TEST_HOST)";
				CODE_SIGN_STYLE = Automatic;
				CURRENT_PROJECT_VERSION = 1;
				DEVELOPMENT_TEAM = RXTSJ9F9Z8;
				GENERATE_INFOPLIST_FILE = YES;
				IPHONEOS_DEPLOYMENT_TARGET = 18.2;
				MARKETING_VERSION = 1.0;
				PRODUCT_BUNDLE_IDENTIFIER = com.katsuyatamai.TechEnglishTests;
				PRODUCT_NAME = "$(TARGET_NAME)";
				SWIFT_EMIT_LOC_STRINGS = NO;
				SWIFT_VERSION = 5.0;
				TARGETED_DEVICE_FAMILY = "1,2";
				TEST_HOST = "$(BUILT_PRODUCTS_DIR)/TechEnglish.app/$(BUNDLE_EXECUTABLE_FOLDER_PATH)/TechEnglish";
			};
			name = Release;
		};
		2317C6762D6D96DE00F8E1D4 /* Debug */ = {
			isa = XCBuildConfiguration;
			buildSettings = {
				CODE_SIGN_STYLE = Automatic;
				CURRENT_PROJECT_VERSION = 1;
				DEVELOPMENT_TEAM = RXTSJ9F9Z8;
				GENERATE_INFOPLIST_FILE = YES;
				MARKETING_VERSION = 1.0;
				PRODUCT_BUNDLE_IDENTIFIER = com.katsuyatamai.TechEnglishUITests;
				PRODUCT_NAME = "$(TARGET_NAME)";
				SWIFT_EMIT_LOC_STRINGS = NO;
				SWIFT_VERSION = 5.0;
				TARGETED_DEVICE_FAMILY = "1,2";
				TEST_TARGET_NAME = TechEnglish;
			};
			name = Debug;
		};
		2317C6772D6D96DE00F8E1D4 /* Release */ = {
			isa = XCBuildConfiguration;
			buildSettings = {
				CODE_SIGN_STYLE = Automatic;
				CURRENT_PROJECT_VERSION = 1;
				DEVELOPMENT_TEAM = RXTSJ9F9Z8;
				GENERATE_INFOPLIST_FILE = YES;
				MARKETING_VERSION = 1.0;
				PRODUCT_BUNDLE_IDENTIFIER = com.katsuyatamai.TechEnglishUITests;
				PRODUCT_NAME = "$(TARGET_NAME)";
				SWIFT_EMIT_LOC_STRINGS = NO;
				SWIFT_VERSION = 5.0;
				TARGETED_DEVICE_FAMILY = "1,2";
				TEST_TARGET_NAME = TechEnglish;
			};
			name = Release;
		};
/* End XCBuildConfiguration section */

/* Begin XCConfigurationList section */
		2317C63F2D6D96DC00F8E1D4 /* Build configuration list for PBXProject "TechEnglish" */ = {
			isa = XCConfigurationList;
			buildConfigurations = (
				2317C6702D6D96DE00F8E1D4 /* Debug */,
				2317C6712D6D96DE00F8E1D4 /* Release */,
			);
			defaultConfigurationIsVisible = 0;
			defaultConfigurationName = Release;
		};
		2317C66D2D6D96DE00F8E1D4 /* Build configuration list for PBXNativeTarget "TechEnglish" */ = {
			isa = XCConfigurationList;
			buildConfigurations = (
				2317C66E2D6D96DE00F8E1D4 /* Debug */,
				2317C66F2D6D96DE00F8E1D4 /* Release */,
			);
			defaultConfigurationIsVisible = 0;
			defaultConfigurationName = Release;
		};
		2317C6722D6D96DE00F8E1D4 /* Build configuration list for PBXNativeTarget "TechEnglishTests" */ = {
			isa = XCConfigurationList;
			buildConfigurations = (
				2317C6732D6D96DE00F8E1D4 /* Debug */,
				2317C6742D6D96DE00F8E1D4 /* Release */,
			);
			defaultConfigurationIsVisible = 0;
			defaultConfigurationName = Release;
		};
		2317C6752D6D96DE00F8E1D4 /* Build configuration list for PBXNativeTarget "TechEnglishUITests" */ = {
			isa = XCConfigurationList;
			buildConfigurations = (
				2317C6762D6D96DE00F8E1D4 /* Debug */,
				2317C6772D6D96DE00F8E1D4 /* Release */,
			);
			defaultConfigurationIsVisible = 0;
			defaultConfigurationName = Release;
		};
/* End XCConfigurationList section */
	};
	rootObject = 2317C63C2D6D96DC00F8E1D4 /* Project object */;
}
