// !$*UTF8*$!
{
	archiveVersion = 1;
	classes = {
	};
	objectVersion = 77;
	objects = {

/* Begin PBXBuildFile section */
		13C561F515BF267E25025F7C /* Pods_TechEnglishTests.framework in Frameworks */ = {isa = PBXBuildFile; fileRef = 3AA25FF0E3404AEE7AC05D50 /* Pods_TechEnglishTests.framework */; };
		23139DDA2DD7FA0700DE8A6E /* RemindItem.swift in Sources */ = {isa = PBXBuildFile; fileRef = 23139DD92DD7FA0700DE8A6E /* RemindItem.swift */; };
		23139DDC2DDA925700DE8A6E /* RemindManager.swift in Sources */ = {isa = PBXBuildFile; fileRef = 23139DDB2DDA925700DE8A6E /* RemindManager.swift */; };
		2317C6E22D6DA27C00F8E1D4 /* AppDelegate.swift in Sources */ = {isa = PBXBuildFile; fileRef = 2317C6D92D6DA27C00F8E1D4 /* AppDelegate.swift */; };
		2317C6E32D6DA27C00F8E1D4 /* MainTabBarController.swift in Sources */ = {isa = PBXBuildFile; fileRef = 2317C6DE2D6DA27C00F8E1D4 /* MainTabBarController.swift */; };
		2317C6E42D6DA27C00F8E1D4 /* SceneDelegate.swift in Sources */ = {isa = PBXBuildFile; fileRef = 2317C6DF2D6DA27C00F8E1D4 /* SceneDelegate.swift */; };
		2317C6E52D6DA27C00F8E1D4 /* WebModalViewController.swift in Sources */ = {isa = PBXBuildFile; fileRef = 2317C6E02D6DA27C00F8E1D4 /* WebModalViewController.swift */; };
		2317C6E62D6DA27C00F8E1D4 /* Assets.xcassets in Resources */ = {isa = PBXBuildFile; fileRef = 2317C6DA2D6DA27C00F8E1D4 /* Assets.xcassets */; };
		2317C6F12D6DA28200F8E1D4 /* TechWordTableViewCell.swift in Sources */ = {isa = PBXBuildFile; fileRef = 2317C6E92D6DA28200F8E1D4 /* TechWordTableViewCell.swift */; };
		2317C6F22D6DA28200F8E1D4 /* SelectSearchWordModal.swift in Sources */ = {isa = PBXBuildFile; fileRef = 2317C6ED2D6DA28200F8E1D4 /* SelectSearchWordModal.swift */; };
		2317C6F32D6DA28200F8E1D4 /* DescriptionView.swift in Sources */ = {isa = PBXBuildFile; fileRef = 2317C6EA2D6DA28200F8E1D4 /* DescriptionView.swift */; };
		2317C6F42D6DA28200F8E1D4 /* WebViewContainer.swift in Sources */ = {isa = PBXBuildFile; fileRef = 2317C6EE2D6DA28200F8E1D4 /* WebViewContainer.swift */; };
		2317C6FC2D6DA36B00F8E1D4 /* CategoryViewController.swift in Sources */ = {isa = PBXBuildFile; fileRef = 2317C6FA2D6DA36B00F8E1D4 /* CategoryViewController.swift */; };
		2317C6FD2D6DA36B00F8E1D4 /* CheckNotifController.swift in Sources */ = {isa = PBXBuildFile; fileRef = 2317C6FB2D6DA36B00F8E1D4 /* CheckNotifController.swift */; };
		2317C7072D6DA3DB00F8E1D4 /* VocabularyList.swift in Sources */ = {isa = PBXBuildFile; fileRef = 2317C7062D6DA3DB00F8E1D4 /* VocabularyList.swift */; };
		2317C7092D6DA3F900F8E1D4 /* AppColors.swift in Sources */ = {isa = PBXBuildFile; fileRef = 2317C7082D6DA3F900F8E1D4 /* AppColors.swift */; };
		2317C70B2D6DA40000F8E1D4 /* MyAds.swift in Sources */ = {isa = PBXBuildFile; fileRef = 2317C70A2D6DA40000F8E1D4 /* MyAds.swift */; };
		2317C70F2D6DA6FC00F8E1D4 /* Contact.swift in Sources */ = {isa = PBXBuildFile; fileRef = 2317C70E2D6DA6FC00F8E1D4 /* Contact.swift */; };
		2317C71C2D6DE07A00F8E1D4 /* VocabFirstViewController.swift in Sources */ = {isa = PBXBuildFile; fileRef = 2317C71B2D6DE07A00F8E1D4 /* VocabFirstViewController.swift */; };
		2317C71E2D6EEB1400F8E1D4 /* VocabSecondViewController.swift in Sources */ = {isa = PBXBuildFile; fileRef = 2317C71D2D6EEB1400F8E1D4 /* VocabSecondViewController.swift */; };
		2317C7202D6EED8400F8E1D4 /* VocabThirdViewController.swift in Sources */ = {isa = PBXBuildFile; fileRef = 2317C71F2D6EED8400F8E1D4 /* VocabThirdViewController.swift */; };
		231AEEBB2E04C239006C5714 /* LearnContainerViewController.swift in Sources */ = {isa = PBXBuildFile; fileRef = 231AEEBA2E04C239006C5714 /* LearnContainerViewController.swift */; };
		232A564A2E00F3BD000C4FED /* AnswerResultViewController.swift in Sources */ = {isa = PBXBuildFile; fileRef = 232A56492E00F3BD000C4FED /* AnswerResultViewController.swift */; };
		234916602DC30953000128C6 /* WebMeta.swift in Sources */ = {isa = PBXBuildFile; fileRef = 2349165F2DC30953000128C6 /* WebMeta.swift */; };
		2349166E2DC4517D000128C6 /* VocabButtonInfo.swift in Sources */ = {isa = PBXBuildFile; fileRef = 2349166D2DC4517D000128C6 /* VocabButtonInfo.swift */; };
		2349167C2DC9E23C000128C6 /* VcabSixthViewController.swift in Sources */ = {isa = PBXBuildFile; fileRef = 2349167B2DC9E23C000128C6 /* VcabSixthViewController.swift */; };
		2349167E2DCABFDE000128C6 /* DescriptionViewController.swift in Sources */ = {isa = PBXBuildFile; fileRef = 2349167D2DCABFDE000128C6 /* DescriptionViewController.swift */; };
		2353AA1E2DADCA890057D201 /* RecordViewController.swift in Sources */ = {isa = PBXBuildFile; fileRef = 2353AA1D2DADCA890057D201 /* RecordViewController.swift */; };
		2353AA202DADCB130057D201 /* EventModel.swift in Sources */ = {isa = PBXBuildFile; fileRef = 2353AA1F2DADCB130057D201 /* EventModel.swift */; };
		2353AA302DAF24D30057D201 /* Localizable.strings in Resources */ = {isa = PBXBuildFile; fileRef = 2353AA2E2DAF24D30057D201 /* Localizable.strings */; };
		2353AA332DB084A20057D201 /* LaunchScreen.storyboard in Resources */ = {isa = PBXBuildFile; fileRef = 2353AA322DB084A20057D201 /* LaunchScreen.storyboard */; };
		2353AA472DB300550057D201 /* GoogleService-Info.plist in Resources */ = {isa = PBXBuildFile; fileRef = 2353AA462DB300550057D201 /* GoogleService-Info.plist */; };
		2353AA592DB9EC270057D201 /* VocabFourthViewController.swift in Sources */ = {isa = PBXBuildFile; fileRef = 2353AA582DB9EC270057D201 /* VocabFourthViewController.swift */; };
		2353AA5B2DB9F0BE0057D201 /* VovabFifthViewController.swift in Sources */ = {isa = PBXBuildFile; fileRef = 2353AA5A2DB9F0BE0057D201 /* VovabFifthViewController.swift */; };
		2353AA612DB9F25C0057D201 /* VocabEighthViewController.swift in Sources */ = {isa = PBXBuildFile; fileRef = 2353AA602DB9F25C0057D201 /* VocabEighthViewController.swift */; };
		2353AA8B2DC054150057D201 /* WebViewType.swift in Sources */ = {isa = PBXBuildFile; fileRef = 2353AA8A2DC054150057D201 /* WebViewType.swift */; };
		2359FB3D2DFE4B39006643C1 /* MyCardsCell.swift in Sources */ = {isa = PBXBuildFile; fileRef = 2359FB3C2DFE4B39006643C1 /* MyCardsCell.swift */; };
		2359FB3F2DFE4D17006643C1 /* DummyViewController.swift in Sources */ = {isa = PBXBuildFile; fileRef = 2359FB3E2DFE4D17006643C1 /* DummyViewController.swift */; };
		236124DB2F343B5300F0B263 /* .cursorignore in Resources */ = {isa = PBXBuildFile; fileRef = 236124DA2F343B5300F0B263 /* .cursorignore */; };
		2368A9852DF8EA940092310A /* QuizListViewController.swift in Sources */ = {isa = PBXBuildFile; fileRef = 2368A9842DF8EA940092310A /* QuizListViewController.swift */; };
		2368A9872DF8EAFF0092310A /* QuizListModel.swift in Sources */ = {isa = PBXBuildFile; fileRef = 2368A9862DF8EAFF0092310A /* QuizListModel.swift */; };
		2368A98A2DF8EB5E0092310A /* QuizViewController.swift in Sources */ = {isa = PBXBuildFile; fileRef = 2368A9892DF8EB5E0092310A /* QuizViewController.swift */; };
		2368A9B22DFB8C2B0092310A /* MyCardsViewController.swift in Sources */ = {isa = PBXBuildFile; fileRef = 2368A9B12DFB8C2B0092310A /* MyCardsViewController.swift */; };
		2368A9B52DFB8C3B0092310A /* MyCardsInputController.swift in Sources */ = {isa = PBXBuildFile; fileRef = 2368A9B32DFB8C3B0092310A /* MyCardsInputController.swift */; };
		2368A9B92DFB8C6F0092310A /* MyCard.swift in Sources */ = {isa = PBXBuildFile; fileRef = 2368A9B82DFB8C6F0092310A /* MyCard.swift */; };
		2368A9BB2DFB8D470092310A /* PlaceholderTextView.swift in Sources */ = {isa = PBXBuildFile; fileRef = 2368A9BA2DFB8D470092310A /* PlaceholderTextView.swift */; };
		23776BD32DD5491B00553D04 /* RemindListViewController.swift in Sources */ = {isa = PBXBuildFile; fileRef = 23776BD22DD5491B00553D04 /* RemindListViewController.swift */; };
		23776BD52DD54A8100553D04 /* RemindListCell.swift in Sources */ = {isa = PBXBuildFile; fileRef = 23776BD42DD54A8100553D04 /* RemindListCell.swift */; };
		8F915D3EBB5EDC4FC742BE69 /* Pods_TechEnglish.framework in Frameworks */ = {isa = PBXBuildFile; fileRef = E6F251A53FCBB91C69C86381 /* Pods_TechEnglish.framework */; };
		A46E653C46D92CF6526727B0 /* Pods_TechEnglish_TechEnglishUITests.framework in Frameworks */ = {isa = PBXBuildFile; fileRef = B71AA9BB57A37BED81626A2C /* Pods_TechEnglish_TechEnglishUITests.framework */; };
/* End PBXBuildFile section */

/* Begin PBXContainerItemProxy section */
		2317C65B2D6D96DE00F8E1D4 /* PBXContainerItemProxy */ = {
			isa = PBXContainerItemProxy;
			containerPortal = 2317C63C2D6D96DC00F8E1D4 /* Project object */;
			proxyType = 1;
			remoteGlobalIDString = 2317C6432D6D96DC00F8E1D4;
			remoteInfo = TechEnglish;
		};
		2317C6652D6D96DE00F8E1D4 /* PBXContainerItemProxy */ = {
			isa = PBXContainerItemProxy;
			containerPortal = 2317C63C2D6D96DC00F8E1D4 /* Project object */;
			proxyType = 1;
			remoteGlobalIDString = 2317C6432D6D96DC00F8E1D4;
			remoteInfo = TechEnglish;
		};
/* End PBXContainerItemProxy section */

/* Begin PBXFileReference section */
		23139DD92DD7FA0700DE8A6E /* RemindItem.swift */ = {isa = PBXFileReference; lastKnownFileType = sourcecode.swift; path = RemindItem.swift; sourceTree = "<group>"; };
		23139DDB2DDA925700DE8A6E /* RemindManager.swift */ = {isa = PBXFileReference; lastKnownFileType = sourcecode.swift; path = RemindManager.swift; sourceTree = "<group>"; };
		2317C6442D6D96DC00F8E1D4 /* TechEnglish.app */ = {isa = PBXFileReference; explicitFileType = wrapper.application; includeInIndex = 0; path = TechEnglish.app; sourceTree = BUILT_PRODUCTS_DIR; };
		2317C65A2D6D96DE00F8E1D4 /* TechEnglishTests.xctest */ = {isa = PBXFileReference; explicitFileType = wrapper.cfbundle; includeInIndex = 0; path = TechEnglishTests.xctest; sourceTree = BUILT_PRODUCTS_DIR; };
		2317C6642D6D96DE00F8E1D4 /* TechEnglishUITests.xctest */ = {isa = PBXFileReference; explicitFileType = wrapper.cfbundle; includeInIndex = 0; path = TechEnglishUITests.xctest; sourceTree = BUILT_PRODUCTS_DIR; };
		2317C6D92D6DA27C00F8E1D4 /* AppDelegate.swift */ = {isa = PBXFileReference; lastKnownFileType = sourcecode.swift; path = AppDelegate.swift; sourceTree = "<group>"; };
		2317C6DA2D6DA27C00F8E1D4 /* Assets.xcassets */ = {isa = PBXFileReference; lastKnownFileType = folder.assetcatalog; path = Assets.xcassets; sourceTree = "<group>"; };
		2317C6DB2D6DA27C00F8E1D4 /* Info.plist */ = {isa = PBXFileReference; lastKnownFileType = text.plist.xml; path = Info.plist; sourceTree = "<group>"; };
		2317C6DE2D6DA27C00F8E1D4 /* MainTabBarController.swift */ = {isa = PBXFileReference; lastKnownFileType = sourcecode.swift; path = MainTabBarController.swift; sourceTree = "<group>"; };
		2317C6DF2D6DA27C00F8E1D4 /* SceneDelegate.swift */ = {isa = PBXFileReference; lastKnownFileType = sourcecode.swift; path = SceneDelegate.swift; sourceTree = "<group>"; };
		2317C6E02D6DA27C00F8E1D4 /* WebModalViewController.swift */ = {isa = PBXFileReference; lastKnownFileType = sourcecode.swift; path = WebModalViewController.swift; sourceTree = "<group>"; };
		2317C6E92D6DA28200F8E1D4 /* TechWordTableViewCell.swift */ = {isa = PBXFileReference; lastKnownFileType = sourcecode.swift; path = TechWordTableViewCell.swift; sourceTree = "<group>"; };
		2317C6EA2D6DA28200F8E1D4 /* DescriptionView.swift */ = {isa = PBXFileReference; lastKnownFileType = sourcecode.swift; path = DescriptionView.swift; sourceTree = "<group>"; };
		2317C6ED2D6DA28200F8E1D4 /* SelectSearchWordModal.swift */ = {isa = PBXFileReference; lastKnownFileType = sourcecode.swift; path = SelectSearchWordModal.swift; sourceTree = "<group>"; };
		2317C6EE2D6DA28200F8E1D4 /* WebViewContainer.swift */ = {isa = PBXFileReference; lastKnownFileType = sourcecode.swift; path = WebViewContainer.swift; sourceTree = "<group>"; };
		2317C6FA2D6DA36B00F8E1D4 /* CategoryViewController.swift */ = {isa = PBXFileReference; lastKnownFileType = sourcecode.swift; path = CategoryViewController.swift; sourceTree = "<group>"; };
		2317C6FB2D6DA36B00F8E1D4 /* CheckNotifController.swift */ = {isa = PBXFileReference; lastKnownFileType = sourcecode.swift; path = CheckNotifController.swift; sourceTree = "<group>"; };
		2317C7062D6DA3DB00F8E1D4 /* VocabularyList.swift */ = {isa = PBXFileReference; lastKnownFileType = sourcecode.swift; path = VocabularyList.swift; sourceTree = "<group>"; };
		2317C7082D6DA3F900F8E1D4 /* AppColors.swift */ = {isa = PBXFileReference; lastKnownFileType = sourcecode.swift; path = AppColors.swift; sourceTree = "<group>"; };
		2317C70A2D6DA40000F8E1D4 /* MyAds.swift */ = {isa = PBXFileReference; lastKnownFileType = sourcecode.swift; path = MyAds.swift; sourceTree = "<group>"; };
		2317C70E2D6DA6FC00F8E1D4 /* Contact.swift */ = {isa = PBXFileReference; lastKnownFileType = sourcecode.swift; path = Contact.swift; sourceTree = "<group>"; };
		2317C71B2D6DE07A00F8E1D4 /* VocabFirstViewController.swift */ = {isa = PBXFileReference; lastKnownFileType = sourcecode.swift; path = VocabFirstViewController.swift; sourceTree = "<group>"; };
		2317C71D2D6EEB1400F8E1D4 /* VocabSecondViewController.swift */ = {isa = PBXFileReference; lastKnownFileType = sourcecode.swift; path = VocabSecondViewController.swift; sourceTree = "<group>"; };
		2317C71F2D6EED8400F8E1D4 /* VocabThirdViewController.swift */ = {isa = PBXFileReference; lastKnownFileType = sourcecode.swift; path = VocabThirdViewController.swift; sourceTree = "<group>"; };
		231AEEBA2E04C239006C5714 /* LearnContainerViewController.swift */ = {isa = PBXFileReference; lastKnownFileType = sourcecode.swift; path = LearnContainerViewController.swift; sourceTree = "<group>"; };
		232A56492E00F3BD000C4FED /* AnswerResultViewController.swift */ = {isa = PBXFileReference; lastKnownFileType = sourcecode.swift; path = AnswerResultViewController.swift; sourceTree = "<group>"; };
		2349165F2DC30953000128C6 /* WebMeta.swift */ = {isa = PBXFileReference; lastKnownFileType = sourcecode.swift; path = WebMeta.swift; sourceTree = "<group>"; };
		2349166D2DC4517D000128C6 /* VocabButtonInfo.swift */ = {isa = PBXFileReference; lastKnownFileType = sourcecode.swift; path = VocabButtonInfo.swift; sourceTree = "<group>"; };
		2349167B2DC9E23C000128C6 /* VcabSixthViewController.swift */ = {isa = PBXFileReference; lastKnownFileType = sourcecode.swift; path = VcabSixthViewController.swift; sourceTree = "<group>"; };
		2349167D2DCABFDE000128C6 /* DescriptionViewController.swift */ = {isa = PBXFileReference; lastKnownFileType = sourcecode.swift; path = DescriptionViewController.swift; sourceTree = "<group>"; };
		2353AA1D2DADCA890057D201 /* RecordViewController.swift */ = {isa = PBXFileReference; lastKnownFileType = sourcecode.swift; path = RecordViewController.swift; sourceTree = "<group>"; };
		2353AA1F2DADCB130057D201 /* EventModel.swift */ = {isa = PBXFileReference; lastKnownFileType = sourcecode.swift; path = EventModel.swift; sourceTree = "<group>"; };
		2353AA2F2DAF24D30057D201 /* ja */ = {isa = PBXFileReference; lastKnownFileType = text.plist.strings; name = ja; path = TechEnglish/ja.lproj/Localizable.strings; sourceTree = SOURCE_ROOT; };
		2353AA312DAF24E20057D201 /* en */ = {isa = PBXFileReference; lastKnownFileType = text.plist.strings; name = en; path = ../en.lproj/Localizable.strings; sourceTree = "<group>"; };
		2353AA322DB084A20057D201 /* LaunchScreen.storyboard */ = {isa = PBXFileReference; lastKnownFileType = file.storyboard; path = LaunchScreen.storyboard; sourceTree = "<group>"; };
		2353AA462DB300550057D201 /* GoogleService-Info.plist */ = {isa = PBXFileReference; lastKnownFileType = text.plist.xml; path = "GoogleService-Info.plist"; sourceTree = "<group>"; };
		2353AA582DB9EC270057D201 /* VocabFourthViewController.swift */ = {isa = PBXFileReference; lastKnownFileType = sourcecode.swift; path = VocabFourthViewController.swift; sourceTree = "<group>"; };
		2353AA5A2DB9F0BE0057D201 /* VovabFifthViewController.swift */ = {isa = PBXFileReference; lastKnownFileType = sourcecode.swift; path = VovabFifthViewController.swift; sourceTree = "<group>"; };
		2353AA602DB9F25C0057D201 /* VocabEighthViewController.swift */ = {isa = PBXFileReference; lastKnownFileType = sourcecode.swift; path = VocabEighthViewController.swift; sourceTree = "<group>"; };
		2353AA8A2DC054150057D201 /* WebViewType.swift */ = {isa = PBXFileReference; lastKnownFileType = sourcecode.swift; path = WebViewType.swift; sourceTree = "<group>"; };
		2359FB3C2DFE4B39006643C1 /* MyCardsCell.swift */ = {isa = PBXFileReference; lastKnownFileType = sourcecode.swift; path = MyCardsCell.swift; sourceTree = "<group>"; };
		2359FB3E2DFE4D17006643C1 /* DummyViewController.swift */ = {isa = PBXFileReference; lastKnownFileType = sourcecode.swift; path = DummyViewController.swift; sourceTree = "<group>"; };
		236124DA2F343B5300F0B263 /* .cursorignore */ = {isa = PBXFileReference; lastKnownFileType = text; path = .cursorignore; sourceTree = "<group>"; };
		2368A9842DF8EA940092310A /* QuizListViewController.swift */ = {isa = PBXFileReference; lastKnownFileType = sourcecode.swift; path = QuizListViewController.swift; sourceTree = "<group>"; };
		2368A9862DF8EAFF0092310A /* QuizListModel.swift */ = {isa = PBXFileReference; lastKnownFileType = sourcecode.swift; path = QuizListModel.swift; sourceTree = "<group>"; };
		2368A9892DF8EB5E0092310A /* QuizViewController.swift */ = {isa = PBXFileReference; lastKnownFileType = sourcecode.swift; path = QuizViewController.swift; sourceTree = "<group>"; };
		2368A9B12DFB8C2B0092310A /* MyCardsViewController.swift */ = {isa = PBXFileReference; lastKnownFileType = sourcecode.swift; path = MyCardsViewController.swift; sourceTree = "<group>"; };
		2368A9B32DFB8C3B0092310A /* MyCardsInputController.swift */ = {isa = PBXFileReference; lastKnownFileType = sourcecode.swift; path = MyCardsInputController.swift; sourceTree = "<group>"; };
		2368A9B82DFB8C6F0092310A /* MyCard.swift */ = {isa = PBXFileReference; lastKnownFileType = sourcecode.swift; path = MyCard.swift; sourceTree = "<group>"; };
		2368A9BA2DFB8D470092310A /* PlaceholderTextView.swift */ = {isa = PBXFileReference; lastKnownFileType = sourcecode.swift; path = PlaceholderTextView.swift; sourceTree = "<group>"; };
		23776BD22DD5491B00553D04 /* RemindListViewController.swift */ = {isa = PBXFileReference; lastKnownFileType = sourcecode.swift; path = RemindListViewController.swift; sourceTree = "<group>"; };
		23776BD42DD54A8100553D04 /* RemindListCell.swift */ = {isa = PBXFileReference; lastKnownFileType = sourcecode.swift; path = RemindListCell.swift; sourceTree = "<group>"; };
		2676E555D96CF7567418D47E /* Pods-TechEnglish-TechEnglishUITests.release.xcconfig */ = {isa = PBXFileReference; includeInIndex = 1; lastKnownFileType = text.xcconfig; name = "Pods-TechEnglish-TechEnglishUITests.release.xcconfig"; path = "Target Support Files/Pods-TechEnglish-TechEnglishUITests/Pods-TechEnglish-TechEnglishUITests.release.xcconfig"; sourceTree = "<group>"; };
		3AA25FF0E3404AEE7AC05D50 /* Pods_TechEnglishTests.framework */ = {isa = PBXFileReference; explicitFileType = wrapper.framework; includeInIndex = 0; path = Pods_TechEnglishTests.framework; sourceTree = BUILT_PRODUCTS_DIR; };
		53337819C95C450F32D95427 /* Pods-TechEnglish.debug.xcconfig */ = {isa = PBXFileReference; includeInIndex = 1; lastKnownFileType = text.xcconfig; name = "Pods-TechEnglish.debug.xcconfig"; path = "Target Support Files/Pods-TechEnglish/Pods-TechEnglish.debug.xcconfig"; sourceTree = "<group>"; };
		6705347556F4D6B8442201EE /* Pods-TechEnglish.release.xcconfig */ = {isa = PBXFileReference; includeInIndex = 1; lastKnownFileType = text.xcconfig; name = "Pods-TechEnglish.release.xcconfig"; path = "Target Support Files/Pods-TechEnglish/Pods-TechEnglish.release.xcconfig"; sourceTree = "<group>"; };
		B71AA9BB57A37BED81626A2C /* Pods_TechEnglish_TechEnglishUITests.framework */ = {isa = PBXFileReference; explicitFileType = wrapper.framework; includeInIndex = 0; path = Pods_TechEnglish_TechEnglishUITests.framework; sourceTree = BUILT_PRODUCTS_DIR; };
		B85E5388E9E3749170B18184 /* Pods-TechEnglishTests.release.xcconfig */ = {isa = PBXFileReference; includeInIndex = 1; lastKnownFileType = text.xcconfig; name = "Pods-TechEnglishTests.release.xcconfig"; path = "Target Support Files/Pods-TechEnglishTests/Pods-TechEnglishTests.release.xcconfig"; sourceTree = "<group>"; };
		CDA8A0D3B749765359065925 /* Pods-TechEnglishTests.debug.xcconfig */ = {isa = PBXFileReference; includeInIndex = 1; lastKnownFileType = text.xcconfig; name = "Pods-TechEnglishTests.debug.xcconfig"; path = "Target Support Files/Pods-TechEnglishTests/Pods-TechEnglishTests.debug.xcconfig"; sourceTree = "<group>"; };
		CFFF5C431C398AFCF4218BC0 /* Pods-TechEnglish-TechEnglishUITests.debug.xcconfig */ = {isa = PBXFileReference; includeInIndex = 1; lastKnownFileType = text.xcconfig; name = "Pods-TechEnglish-TechEnglishUITests.debug.xcconfig"; path = "Target Support Files/Pods-TechEnglish-TechEnglishUITests/Pods-TechEnglish-TechEnglishUITests.debug.xcconfig"; sourceTree = "<group>"; };
		E6F251A53FCBB91C69C86381 /* Pods_TechEnglish.framework */ = {isa = PBXFileReference; explicitFileType = wrapper.framework; includeInIndex = 0; path = Pods_TechEnglish.framework; sourceTree = BUILT_PRODUCTS_DIR; };
/* End PBXFileReference section */

/* Begin PBXFileSystemSynchronizedRootGroup section */
		2317C65D2D6D96DE00F8E1D4 /* TechEnglishTests */ = {
			isa = PBXFileSystemSynchronizedRootGroup;
			path = TechEnglishTests;
			sourceTree = "<group>";
		};
		2317C6672D6D96DE00F8E1D4 /* TechEnglishUITests */ = {
			isa = PBXFileSystemSynchronizedRootGroup;
			path = TechEnglishUITests;
			sourceTree = "<group>";
		};
/* End PBXFileSystemSynchronizedRootGroup section */

/* Begin PBXFrameworksBuildPhase section */
		2317C6412D6D96DC00F8E1D4 /* Frameworks */ = {
			isa = PBXFrameworksBuildPhase;
			buildActionMask = 2147483647;
			files = (
				8F915D3EBB5EDC4FC742BE69 /* Pods_TechEnglish.framework in Frameworks */,
			);
			runOnlyForDeploymentPostprocessing = 0;
		};
		2317C6572D6D96DE00F8E1D4 /* Frameworks */ = {
			isa = PBXFrameworksBuildPhase;
			buildActionMask = 2147483647;
			files = (
				13C561F515BF267E25025F7C /* Pods_TechEnglishTests.framework in Frameworks */,
			);
			runOnlyForDeploymentPostprocessing = 0;
		};
		2317C6612D6D96DE00F8E1D4 /* Frameworks */ = {
			isa = PBXFrameworksBuildPhase;
			buildActionMask = 2147483647;
			files = (
				A46E653C46D92CF6526727B0 /* Pods_TechEnglish_TechEnglishUITests.framework in Frameworks */,
			);
			runOnlyForDeploymentPostprocessing = 0;
		};
/* End PBXFrameworksBuildPhase section */

/* Begin PBXGroup section */
		2317C63B2D6D96DC00F8E1D4 = {
			isa = PBXGroup;
			children = (
				236124DA2F343B5300F0B263 /* .cursorignore */,
				2317C6E12D6DA27C00F8E1D4 /* TechEnglish */,
				2317C65D2D6D96DE00F8E1D4 /* TechEnglishTests */,
				2317C6672D6D96DE00F8E1D4 /* TechEnglishUITests */,
				2317C6452D6D96DC00F8E1D4 /* Products */,
				2CD3859A869429ED58EC1AFD /* Pods */,
				E17228E4CB51A601DE6E5B87 /* Frameworks */,
			);
			sourceTree = "<group>";
		};
		2317C6452D6D96DC00F8E1D4 /* Products */ = {
			isa = PBXGroup;
			children = (
				2317C6442D6D96DC00F8E1D4 /* TechEnglish.app */,
				2317C65A2D6D96DE00F8E1D4 /* TechEnglishTests.xctest */,
				2317C6642D6D96DE00F8E1D4 /* TechEnglishUITests.xctest */,
			);
			name = Products;
			sourceTree = "<group>";
		};
		2317C6E12D6DA27C00F8E1D4 /* TechEnglish */ = {
			isa = PBXGroup;
			children = (
				2317C6F72D6DA32000F8E1D4 /* App */,
				2317C7052D6DA3D500F8E1D4 /* Model */,
				2317C6F62D6DA2F200F8E1D4 /* View */,
				2317C6F82D6DA34000F8E1D4 /* Controller */,
				2317C6DA2D6DA27C00F8E1D4 /* Assets.xcassets */,
				2353AA462DB300550057D201 /* GoogleService-Info.plist */,
				2317C6DB2D6DA27C00F8E1D4 /* Info.plist */,
				2353AA322DB084A20057D201 /* LaunchScreen.storyboard */,
			);
			path = TechEnglish;
			sourceTree = "<group>";
		};
		2317C6EF2D6DA28200F8E1D4 /* Parts */ = {
			isa = PBXGroup;
			children = (
				2359FB3C2DFE4B39006643C1 /* MyCardsCell.swift */,
				2317C6E92D6DA28200F8E1D4 /* TechWordTableViewCell.swift */,
				2317C6EA2D6DA28200F8E1D4 /* DescriptionView.swift */,
				2368A9BA2DFB8D470092310A /* PlaceholderTextView.swift */,
				2317C6ED2D6DA28200F8E1D4 /* SelectSearchWordModal.swift */,
				2317C6EE2D6DA28200F8E1D4 /* WebViewContainer.swift */,
				23776BD42DD54A8100553D04 /* RemindListCell.swift */,
				232A56492E00F3BD000C4FED /* AnswerResultViewController.swift */,
			);
			path = Parts;
			sourceTree = "<group>";
		};
		2317C6F62D6DA2F200F8E1D4 /* View */ = {
			isa = PBXGroup;
			children = (
				2317C6EF2D6DA28200F8E1D4 /* Parts */,
			);
			path = View;
			sourceTree = "<group>";
		};
		2317C6F72D6DA32000F8E1D4 /* App */ = {
			isa = PBXGroup;
			children = (
				2317C6DF2D6DA27C00F8E1D4 /* SceneDelegate.swift */,
				2317C6D92D6DA27C00F8E1D4 /* AppDelegate.swift */,
			);
			path = App;
			sourceTree = "<group>";
		};
		2317C6F82D6DA34000F8E1D4 /* Controller */ = {
			isa = PBXGroup;
			children = (
				2368A9B42DFB8C3B0092310A /* MyCards */,
				2368A9882DF8EB590092310A /* Quiz */,
				2353AA872DC045F10057D201 /* Main */,
				2317C71A2D6DE05700F8E1D4 /* Vocabularies */,
				2317C6FA2D6DA36B00F8E1D4 /* CategoryViewController.swift */,
				23776BD22DD5491B00553D04 /* RemindListViewController.swift */,
				2353AA1D2DADCA890057D201 /* RecordViewController.swift */,
				2368A9842DF8EA940092310A /* QuizListViewController.swift */,
				2368A9B12DFB8C2B0092310A /* MyCardsViewController.swift */,
				2359FB3E2DFE4D17006643C1 /* DummyViewController.swift */,
				231AEEBA2E04C239006C5714 /* LearnContainerViewController.swift */,
			);
			path = Controller;
			sourceTree = "<group>";
		};
		2317C7052D6DA3D500F8E1D4 /* Model */ = {
			isa = PBXGroup;
			children = (
				2353AA2E2DAF24D30057D201 /* Localizable.strings */,
				2317C70E2D6DA6FC00F8E1D4 /* Contact.swift */,
				2317C7082D6DA3F900F8E1D4 /* AppColors.swift */,
				2368A9862DF8EAFF0092310A /* QuizListModel.swift */,
				2317C70A2D6DA40000F8E1D4 /* MyAds.swift */,
				2368A9B82DFB8C6F0092310A /* MyCard.swift */,
				2317C7062D6DA3DB00F8E1D4 /* VocabularyList.swift */,
				2353AA1F2DADCB130057D201 /* EventModel.swift */,
				2353AA8A2DC054150057D201 /* WebViewType.swift */,
				2349165F2DC30953000128C6 /* WebMeta.swift */,
				2349166D2DC4517D000128C6 /* VocabButtonInfo.swift */,
				23139DD92DD7FA0700DE8A6E /* RemindItem.swift */,
			);
			path = Model;
			sourceTree = "<group>";
		};
		2317C71A2D6DE05700F8E1D4 /* Vocabularies */ = {
			isa = PBXGroup;
			children = (
				2317C71B2D6DE07A00F8E1D4 /* VocabFirstViewController.swift */,
				2317C71D2D6EEB1400F8E1D4 /* VocabSecondViewController.swift */,
				2317C71F2D6EED8400F8E1D4 /* VocabThirdViewController.swift */,
				2353AA582DB9EC270057D201 /* VocabFourthViewController.swift */,
				2353AA5A2DB9F0BE0057D201 /* VovabFifthViewController.swift */,
				2349167B2DC9E23C000128C6 /* VcabSixthViewController.swift */,
				2353AA602DB9F25C0057D201 /* VocabEighthViewController.swift */,
			);
			path = Vocabularies;
			sourceTree = "<group>";
		};
		2353AA872DC045F10057D201 /* Main */ = {
			isa = PBXGroup;
			children = (
				2317C6E02D6DA27C00F8E1D4 /* WebModalViewController.swift */,
				2317C6FB2D6DA36B00F8E1D4 /* CheckNotifController.swift */,
				2317C6DE2D6DA27C00F8E1D4 /* MainTabBarController.swift */,
				2349167D2DCABFDE000128C6 /* DescriptionViewController.swift */,
				23139DDB2DDA925700DE8A6E /* RemindManager.swift */,
			);
			path = Main;
			sourceTree = "<group>";
		};
		2368A9882DF8EB590092310A /* Quiz */ = {
			isa = PBXGroup;
			children = (
				2368A9892DF8EB5E0092310A /* QuizViewController.swift */,
			);
			path = Quiz;
			sourceTree = "<group>";
		};
		2368A9B42DFB8C3B0092310A /* MyCards */ = {
			isa = PBXGroup;
			children = (
				2368A9B32DFB8C3B0092310A /* MyCardsInputController.swift */,
			);
			path = MyCards;
			sourceTree = "<group>";
		};
		2CD3859A869429ED58EC1AFD /* Pods */ = {
			isa = PBXGroup;
			children = (
				53337819C95C450F32D95427 /* Pods-TechEnglish.debug.xcconfig */,
				6705347556F4D6B8442201EE /* Pods-TechEnglish.release.xcconfig */,
				CFFF5C431C398AFCF4218BC0 /* Pods-TechEnglish-TechEnglishUITests.debug.xcconfig */,
				2676E555D96CF7567418D47E /* Pods-TechEnglish-TechEnglishUITests.release.xcconfig */,
				CDA8A0D3B749765359065925 /* Pods-TechEnglishTests.debug.xcconfig */,
				B85E5388E9E3749170B18184 /* Pods-TechEnglishTests.release.xcconfig */,
			);
			path = Pods;
			sourceTree = "<group>";
		};
		E17228E4CB51A601DE6E5B87 /* Frameworks */ = {
			isa = PBXGroup;
			children = (
				E6F251A53FCBB91C69C86381 /* Pods_TechEnglish.framework */,
				B71AA9BB57A37BED81626A2C /* Pods_TechEnglish_TechEnglishUITests.framework */,
				3AA25FF0E3404AEE7AC05D50 /* Pods_TechEnglishTests.framework */,
			);
			name = Frameworks;
			sourceTree = "<group>";
		};
/* End PBXGroup section */

/* Begin PBXNativeTarget section */
		2317C6432D6D96DC00F8E1D4 /* TechEnglish */ = {
			isa = PBXNativeTarget;
			buildConfigurationList = 2317C66D2D6D96DE00F8E1D4 /* Build configuration list for PBXNativeTarget "TechEnglish" */;
			buildPhases = (
				7B562318B86F9FD15B6E6A1D /* [CP] Check Pods Manifest.lock */,
				2317C6402D6D96DC00F8E1D4 /* Sources */,
				2317C6412D6D96DC00F8E1D4 /* Frameworks */,
				2317C6422D6D96DC00F8E1D4 /* Resources */,
				B43ACC02B7F615015A931046 /* [CP] Embed Pods Frameworks */,
				2F8F331CC33AA595A43C8EE3 /* [CP] Copy Pods Resources */,
			);
			buildRules = (
			);
			dependencies = (
			);
			name = TechEnglish;
			productName = TechEnglish;
			productReference = 2317C6442D6D96DC00F8E1D4 /* TechEnglish.app */;
			productType = "com.apple.product-type.application";
		};
		2317C6592D6D96DE00F8E1D4 /* TechEnglishTests */ = {
			isa = PBXNativeTarget;
			buildConfigurationList = 2317C6722D6D96DE00F8E1D4 /* Build configuration list for PBXNativeTarget "TechEnglishTests" */;
			buildPhases = (
				1D3C06D5BAE7F534E2396D14 /* [CP] Check Pods Manifest.lock */,
				2317C6562D6D96DE00F8E1D4 /* Sources */,
				2317C6572D6D96DE00F8E1D4 /* Frameworks */,
				2317C6582D6D96DE00F8E1D4 /* Resources */,
			);
			buildRules = (
			);
			dependencies = (
				2317C65C2D6D96DE00F8E1D4 /* PBXTargetDependency */,
			);
			fileSystemSynchronizedGroups = (
				2317C65D2D6D96DE00F8E1D4 /* TechEnglishTests */,
			);
			name = TechEnglishTests;
			productName = TechEnglishTests;
			productReference = 2317C65A2D6D96DE00F8E1D4 /* TechEnglishTests.xctest */;
			productType = "com.apple.product-type.bundle.unit-test";
		};
		2317C6632D6D96DE00F8E1D4 /* TechEnglishUITests */ = {
			isa = PBXNativeTarget;
			buildConfigurationList = 2317C6752D6D96DE00F8E1D4 /* Build configuration list for PBXNativeTarget "TechEnglishUITests" */;
			buildPhases = (
				90785F5382EA2A562515832A /* [CP] Check Pods Manifest.lock */,
				2317C6602D6D96DE00F8E1D4 /* Sources */,
				2317C6612D6D96DE00F8E1D4 /* Frameworks */,
				2317C6622D6D96DE00F8E1D4 /* Resources */,
				BC16F8B6360DB5631A19D1EB /* [CP] Embed Pods Frameworks */,
				DFFAE9E0ABE00D265491F0FC /* [CP] Copy Pods Resources */,
			);
			buildRules = (
			);
			dependencies = (
				2317C6662D6D96DE00F8E1D4 /* PBXTargetDependency */,
			);
			fileSystemSynchronizedGroups = (
				2317C6672D6D96DE00F8E1D4 /* TechEnglishUITests */,
			);
			name = TechEnglishUITests;
			productName = TechEnglishUITests;
			productReference = 2317C6642D6D96DE00F8E1D4 /* TechEnglishUITests.xctest */;
			productType = "com.apple.product-type.bundle.ui-testing";
		};
/* End PBXNativeTarget section */

/* Begin PBXProject section */
		2317C63C2D6D96DC00F8E1D4 /* Project object */ = {
			isa = PBXProject;
			attributes = {
				BuildIndependentTargetsInParallel = 1;
				LastSwiftUpdateCheck = 1620;
				LastUpgradeCheck = 1620;
				TargetAttributes = {
					2317C6432D6D96DC00F8E1D4 = {
						CreatedOnToolsVersion = 16.2;
					};
					2317C6592D6D96DE00F8E1D4 = {
						CreatedOnToolsVersion = 16.2;
						TestTargetID = 2317C6432D6D96DC00F8E1D4;
					};
					2317C6632D6D96DE00F8E1D4 = {
						CreatedOnToolsVersion = 16.2;
						TestTargetID = 2317C6432D6D96DC00F8E1D4;
					};
				};
			};
			buildConfigurationList = 2317C63F2D6D96DC00F8E1D4 /* Build configuration list for PBXProject "TechEnglish" */;
			developmentRegion = ja;
			hasScannedForEncodings = 0;
			knownRegions = (
				en,
				Base,
				ja,
			);
			mainGroup = 2317C63B2D6D96DC00F8E1D4;
			minimizedProjectReferenceProxies = 1;
			preferredProjectObjectVersion = 77;
			productRefGroup = 2317C6452D6D96DC00F8E1D4 /* Products */;
			projectDirPath = "";
			projectRoot = "";
			targets = (
				2317C6432D6D96DC00F8E1D4 /* TechEnglish */,
				2317C6592D6D96DE00F8E1D4 /* TechEnglishTests */,
				2317C6632D6D96DE00F8E1D4 /* TechEnglishUITests */,
			);
		};
/* End PBXProject section */

/* Begin PBXResourcesBuildPhase section */
		2317C6422D6D96DC00F8E1D4 /* Resources */ = {
			isa = PBXResourcesBuildPhase;
			buildActionMask = 2147483647;
			files = (
				2353AA332DB084A20057D201 /* LaunchScreen.storyboard in Resources */,
				2353AA472DB300550057D201 /* GoogleService-Info.plist in Resources */,
				2317C6E62D6DA27C00F8E1D4 /* Assets.xcassets in Resources */,
				2353AA302DAF24D30057D201 /* Localizable.strings in Resources */,
			);
			runOnlyForDeploymentPostprocessing = 0;
		};
		2317C6582D6D96DE00F8E1D4 /* Resources */ = {
			isa = PBXResourcesBuildPhase;
			buildActionMask = 2147483647;
			files = (
				236124DB2F343B5300F0B263 /* .cursorignore in Resources */,
			);
			runOnlyForDeploymentPostprocessing = 0;
		};
		2317C6622D6D96DE00F8E1D4 /* Resources */ = {
			isa = PBXResourcesBuildPhase;
			buildActionMask = 2147483647;
			files = (
			);
			runOnlyForDeploymentPostprocessing = 0;
		};
/* End PBXResourcesBuildPhase section */

/* Begin PBXShellScriptBuildPhase section */
		1D3C06D5BAE7F534E2396D14 /* [CP] Check Pods Manifest.lock */ = {
			isa = PBXShellScriptBuildPhase;
			buildActionMask = 2147483647;
			files = (
			);
			inputFileListPaths = (
			);
			inputPaths = (
				"${PODS_PODFILE_DIR_PATH}/Podfile.lock",
				"${PODS_ROOT}/Manifest.lock",
			);
			name = "[CP] Check Pods Manifest.lock";
			outputFileListPaths = (
			);
			outputPaths = (
				"$(DERIVED_FILE_DIR)/Pods-TechEnglishTests-checkManifestLockResult.txt",
			);
			runOnlyForDeploymentPostprocessing = 0;
			shellPath = /bin/sh;
			shellScript = "diff \"${PODS_PODFILE_DIR_PATH}/Podfile.lock\" \"${PODS_ROOT}/Manifest.lock\" > /dev/null\nif [ $? != 0 ] ; then\n    # print error to STDERR\n    echo \"error: The sandbox is not in sync with the Podfile.lock. Run 'pod install' or update your CocoaPods installation.\" >&2\n    exit 1\nfi\n# This output is used by Xcode 'outputs' to avoid re-running this script phase.\necho \"SUCCESS\" > \"${SCRIPT_OUTPUT_FILE_0}\"\n";
			showEnvVarsInLog = 0;
		};
		2F8F331CC33AA595A43C8EE3 /* [CP] Copy Pods Resources */ = {
			isa = PBXShellScriptBuildPhase;
			buildActionMask = 2147483647;
			files = (
			);
			inputFileListPaths = (
				"${PODS_ROOT}/Target Support Files/Pods-TechEnglish/Pods-TechEnglish-resources-${CONFIGURATION}-input-files.xcfilelist",
			);
			name = "[CP] Copy Pods Resources";
			outputFileListPaths = (
				"${PODS_ROOT}/Target Support Files/Pods-TechEnglish/Pods-TechEnglish-resources-${CONFIGURATION}-output-files.xcfilelist",
			);
			runOnlyForDeploymentPostprocessing = 0;
			shellPath = /bin/sh;
			shellScript = "\"${PODS_ROOT}/Target Support Files/Pods-TechEnglish/Pods-TechEnglish-resources.sh\"\n";
			showEnvVarsInLog = 0;
		};
		7B562318B86F9FD15B6E6A1D /* [CP] Check Pods Manifest.lock */ = {
			isa = PBXShellScriptBuildPhase;
			buildActionMask = 2147483647;
			files = (
			);
			inputFileListPaths = (
			);
			inputPaths = (
				"${PODS_PODFILE_DIR_PATH}/Podfile.lock",
				"${PODS_ROOT}/Manifest.lock",
			);
			name = "[CP] Check Pods Manifest.lock";
			outputFileListPaths = (
			);
			outputPaths = (
				"$(DERIVED_FILE_DIR)/Pods-TechEnglish-checkManifestLockResult.txt",
			);
			runOnlyForDeploymentPostprocessing = 0;
			shellPath = /bin/sh;
			shellScript = "diff \"${PODS_PODFILE_DIR_PATH}/Podfile.lock\" \"${PODS_ROOT}/Manifest.lock\" > /dev/null\nif [ $? != 0 ] ; then\n    # print error to STDERR\n    echo \"error: The sandbox is not in sync with the Podfile.lock. Run 'pod install' or update your CocoaPods installation.\" >&2\n    exit 1\nfi\n# This output is used by Xcode 'outputs' to avoid re-running this script phase.\necho \"SUCCESS\" > \"${SCRIPT_OUTPUT_FILE_0}\"\n";
			showEnvVarsInLog = 0;
		};
		90785F5382EA2A562515832A /* [CP] Check Pods Manifest.lock */ = {
			isa = PBXShellScriptBuildPhase;
			buildActionMask = 2147483647;
			files = (
			);
			inputFileListPaths = (
			);
			inputPaths = (
				"${PODS_PODFILE_DIR_PATH}/Podfile.lock",
				"${PODS_ROOT}/Manifest.lock",
			);
			name = "[CP] Check Pods Manifest.lock";
			outputFileListPaths = (
			);
			outputPaths = (
				"$(DERIVED_FILE_DIR)/Pods-TechEnglish-TechEnglishUITests-checkManifestLockResult.txt",
			);
			runOnlyForDeploymentPostprocessing = 0;
			shellPath = /bin/sh;
			shellScript = "diff \"${PODS_PODFILE_DIR_PATH}/Podfile.lock\" \"${PODS_ROOT}/Manifest.lock\" > /dev/null\nif [ $? != 0 ] ; then\n    # print error to STDERR\n    echo \"error: The sandbox is not in sync with the Podfile.lock. Run 'pod install' or update your CocoaPods installation.\" >&2\n    exit 1\nfi\n# This output is used by Xcode 'outputs' to avoid re-running this script phase.\necho \"SUCCESS\" > \"${SCRIPT_OUTPUT_FILE_0}\"\n";
			showEnvVarsInLog = 0;
		};
		B43ACC02B7F615015A931046 /* [CP] Embed Pods Frameworks */ = {
			isa = PBXShellScriptBuildPhase;
			buildActionMask = 2147483647;
			files = (
			);
			inputFileListPaths = (
				"${PODS_ROOT}/Target Support Files/Pods-TechEnglish/Pods-TechEnglish-frameworks-${CONFIGURATION}-input-files.xcfilelist",
			);
			name = "[CP] Embed Pods Frameworks";
			outputFileListPaths = (
				"${PODS_ROOT}/Target Support Files/Pods-TechEnglish/Pods-TechEnglish-frameworks-${CONFIGURATION}-output-files.xcfilelist",
			);
			runOnlyForDeploymentPostprocessing = 0;
			shellPath = /bin/sh;
			shellScript = "\"${PODS_ROOT}/Target Support Files/Pods-TechEnglish/Pods-TechEnglish-frameworks.sh\"\n";
			showEnvVarsInLog = 0;
		};
		BC16F8B6360DB5631A19D1EB /* [CP] Embed Pods Frameworks */ = {
			isa = PBXShellScriptBuildPhase;
			buildActionMask = 2147483647;
			files = (
			);
			inputFileListPaths = (
				"${PODS_ROOT}/Target Support Files/Pods-TechEnglish-TechEnglishUITests/Pods-TechEnglish-TechEnglishUITests-frameworks-${CONFIGURATION}-input-files.xcfilelist",
			);
			name = "[CP] Embed Pods Frameworks";
			outputFileListPaths = (
				"${PODS_ROOT}/Target Support Files/Pods-TechEnglish-TechEnglishUITests/Pods-TechEnglish-TechEnglishUITests-frameworks-${CONFIGURATION}-output-files.xcfilelist",
			);
			runOnlyForDeploymentPostprocessing = 0;
			shellPath = /bin/sh;
			shellScript = "\"${PODS_ROOT}/Target Support Files/Pods-TechEnglish-TechEnglishUITests/Pods-TechEnglish-TechEnglishUITests-frameworks.sh\"\n";
			showEnvVarsInLog = 0;
		};
		DFFAE9E0ABE00D265491F0FC /* [CP] Copy Pods Resources */ = {
			isa = PBXShellScriptBuildPhase;
			buildActionMask = 2147483647;
			files = (
			);
			inputFileListPaths = (
				"${PODS_ROOT}/Target Support Files/Pods-TechEnglish-TechEnglishUITests/Pods-TechEnglish-TechEnglishUITests-resources-${CONFIGURATION}-input-files.xcfilelist",
			);
			name = "[CP] Copy Pods Resources";
			outputFileListPaths = (
				"${PODS_ROOT}/Target Support Files/Pods-TechEnglish-TechEnglishUITests/Pods-TechEnglish-TechEnglishUITests-resources-${CONFIGURATION}-output-files.xcfilelist",
			);
			runOnlyForDeploymentPostprocessing = 0;
			shellPath = /bin/sh;
			shellScript = "\"${PODS_ROOT}/Target Support Files/Pods-TechEnglish-TechEnglishUITests/Pods-TechEnglish-TechEnglishUITests-resources.sh\"\n";
			showEnvVarsInLog = 0;
		};
/* End PBXShellScriptBuildPhase section */

/* Begin PBXSourcesBuildPhase section */
		2317C6402D6D96DC00F8E1D4 /* Sources */ = {
			isa = PBXSourcesBuildPhase;
			buildActionMask = 2147483647;
			files = (
				2317C70B2D6DA40000F8E1D4 /* MyAds.swift in Sources */,
				2317C6E22D6DA27C00F8E1D4 /* AppDelegate.swift in Sources */,
				2317C7072D6DA3DB00F8E1D4 /* VocabularyList.swift in Sources */,
				2349166E2DC4517D000128C6 /* VocabButtonInfo.swift in Sources */,
				2353AA8B2DC054150057D201 /* WebViewType.swift in Sources */,
				2359FB3D2DFE4B39006643C1 /* MyCardsCell.swift in Sources */,
				2317C71C2D6DE07A00F8E1D4 /* VocabFirstViewController.swift in Sources */,
				2359FB3F2DFE4D17006643C1 /* DummyViewController.swift in Sources */,
				23776BD32DD5491B00553D04 /* RemindListViewController.swift in Sources */,
				2317C71E2D6EEB1400F8E1D4 /* VocabSecondViewController.swift in Sources */,
				2368A9852DF8EA940092310A /* QuizListViewController.swift in Sources */,
				2353AA5B2DB9F0BE0057D201 /* VovabFifthViewController.swift in Sources */,
				2317C6E32D6DA27C00F8E1D4 /* MainTabBarController.swift in Sources */,
				2317C6E42D6DA27C00F8E1D4 /* SceneDelegate.swift in Sources */,
				234916602DC30953000128C6 /* WebMeta.swift in Sources */,
				23139DDA2DD7FA0700DE8A6E /* RemindItem.swift in Sources */,
				2349167C2DC9E23C000128C6 /* VcabSixthViewController.swift in Sources */,
				2317C6F12D6DA28200F8E1D4 /* TechWordTableViewCell.swift in Sources */,
				2317C6F22D6DA28200F8E1D4 /* SelectSearchWordModal.swift in Sources */,
				2317C6F32D6DA28200F8E1D4 /* DescriptionView.swift in Sources */,
				2317C6F42D6DA28200F8E1D4 /* WebViewContainer.swift in Sources */,
				2368A98A2DF8EB5E0092310A /* QuizViewController.swift in Sources */,
				2368A9B52DFB8C3B0092310A /* MyCardsInputController.swift in Sources */,
				2317C7092D6DA3F900F8E1D4 /* AppColors.swift in Sources */,
				2368A9872DF8EAFF0092310A /* QuizListModel.swift in Sources */,
				23776BD52DD54A8100553D04 /* RemindListCell.swift in Sources */,
				232A564A2E00F3BD000C4FED /* AnswerResultViewController.swift in Sources */,
				2317C70F2D6DA6FC00F8E1D4 /* Contact.swift in Sources */,
				2353AA1E2DADCA890057D201 /* RecordViewController.swift in Sources */,
				231AEEBB2E04C239006C5714 /* LearnContainerViewController.swift in Sources */,
				2353AA202DADCB130057D201 /* EventModel.swift in Sources */,
				2317C6E52D6DA27C00F8E1D4 /* WebModalViewController.swift in Sources */,
				2317C6FC2D6DA36B00F8E1D4 /* CategoryViewController.swift in Sources */,
				23139DDC2DDA925700DE8A6E /* RemindManager.swift in Sources */,
				2368A9B92DFB8C6F0092310A /* MyCard.swift in Sources */,
				2317C6FD2D6DA36B00F8E1D4 /* CheckNotifController.swift in Sources */,
				2353AA592DB9EC270057D201 /* VocabFourthViewController.swift in Sources */,
				2368A9BB2DFB8D470092310A /* PlaceholderTextView.swift in Sources */,
				2353AA612DB9F25C0057D201 /* VocabEighthViewController.swift in Sources */,
				2349167E2DCABFDE000128C6 /* DescriptionViewController.swift in Sources */,
				2317C7202D6EED8400F8E1D4 /* VocabThirdViewController.swift in Sources */,
				2368A9B22DFB8C2B0092310A /* MyCardsViewController.swift in Sources */,
			);
			runOnlyForDeploymentPostprocessing = 0;
		};
		2317C6562D6D96DE00F8E1D4 /* Sources */ = {
			isa = PBXSourcesBuildPhase;
			buildActionMask = 2147483647;
			files = (
			);
			runOnlyForDeploymentPostprocessing = 0;
		};
		2317C6602D6D96DE00F8E1D4 /* Sources */ = {
			isa = PBXSourcesBuildPhase;
			buildActionMask = 2147483647;
			files = (
			);
			runOnlyForDeploymentPostprocessing = 0;
		};
/* End PBXSourcesBuildPhase section */

/* Begin PBXTargetDependency section */
		2317C65C2D6D96DE00F8E1D4 /* PBXTargetDependency */ = {
			isa = PBXTargetDependency;
			target = 2317C6432D6D96DC00F8E1D4 /* TechEnglish */;
			targetProxy = 2317C65B2D6D96DE00F8E1D4 /* PBXContainerItemProxy */;
		};
		2317C6662D6D96DE00F8E1D4 /* PBXTargetDependency */ = {
			isa = PBXTargetDependency;
			target = 2317C6432D6D96DC00F8E1D4 /* TechEnglish */;
			targetProxy = 2317C6652D6D96DE00F8E1D4 /* PBXContainerItemProxy */;
		};
/* End PBXTargetDependency section */

/* Begin PBXVariantGroup section */
		2353AA2E2DAF24D30057D201 /* Localizable.strings */ = {
			isa = PBXVariantGroup;
			children = (
				2353AA2F2DAF24D30057D201 /* ja */,
				2353AA312DAF24E20057D201 /* en */,
			);
			name = Localizable.strings;
			sourceTree = "<group>";
		};
/* End PBXVariantGroup section */

/* Begin XCBuildConfiguration section */
		2317C66E2D6D96DE00F8E1D4 /* Debug */ = {
			isa = XCBuildConfiguration;
			baseConfigurationReference = 53337819C95C450F32D95427 /* Pods-TechEnglish.debug.xcconfig */;
			buildSettings = {
				ASSETCATALOG_COMPILER_APPICON_NAME = AppIcon;
				ASSETCATALOG_COMPILER_GLOBAL_ACCENT_COLOR_NAME = AccentColor;
				CODE_SIGN_STYLE = Automatic;
				CURRENT_PROJECT_VERSION = 1;
				DEVELOPMENT_TEAM = RXTSJ9F9Z8;
				ENABLE_USER_SCRIPT_SANDBOXING = NO;
				EXCLUDED_ARCHS = arm64;
				GENERATE_INFOPLIST_FILE = YES;
				INFOPLIST_FILE = TechEnglish/Info.plist;
				INFOPLIST_KEY_UIApplicationSupportsIndirectInputEvents = YES;
				INFOPLIST_KEY_UILaunchStoryboardName = LaunchScreen;
				INFOPLIST_KEY_UISupportedInterfaceOrientations_iPad = "UIInterfaceOrientationPortrait UIInterfaceOrientationPortraitUpsideDown UIInterfaceOrientationLandscapeLeft UIInterfaceOrientationLandscapeRight";
				INFOPLIST_KEY_UISupportedInterfaceOrientations_iPhone = "UIInterfaceOrientationPortrait UIInterfaceOrientationLandscapeLeft UIInterfaceOrientationLandscapeRight";
				LD_RUNPATH_SEARCH_PATHS = (
					"$(inherited)",
					"@executable_path/Frameworks",
				);
				MARKETING_VERSION = 1.0.0;
				PRODUCT_BUNDLE_IDENTIFIER = com.katsuyatamai.TechEnglish;
				PRODUCT_NAME = "$(TARGET_NAME)";
				SWIFT_EMIT_LOC_STRINGS = YES;
				SWIFT_VERSION = 5.0;
				TARGETED_DEVICE_FAMILY = "1,2";
			};
			name = Debug;
		};
		2317C66F2D6D96DE00F8E1D4 /* Release */ = {
			isa = XCBuildConfiguration;
			baseConfigurationReference = 6705347556F4D6B8442201EE /* Pods-TechEnglish.release.xcconfig */;
			buildSettings = {
				ASSETCATALOG_COMPILER_APPICON_NAME = AppIcon;
				ASSETCATALOG_COMPILER_GLOBAL_ACCENT_COLOR_NAME = AccentColor;
				CODE_SIGN_STYLE = Automatic;
				CURRENT_PROJECT_VERSION = 1;
				DEVELOPMENT_TEAM = RXTSJ9F9Z8;
				ENABLE_USER_SCRIPT_SANDBOXING = NO;
				GENERATE_INFOPLIST_FILE = YES;
				INFOPLIST_FILE = TechEnglish/Info.plist;
				INFOPLIST_KEY_UIApplicationSupportsIndirectInputEvents = YES;
				INFOPLIST_KEY_UILaunchStoryboardName = LaunchScreen;
				INFOPLIST_KEY_UISupportedInterfaceOrientations_iPad = "UIInterfaceOrientationPortrait UIInterfaceOrientationPortraitUpsideDown UIInterfaceOrientationLandscapeLeft UIInterfaceOrientationLandscapeRight";
				INFOPLIST_KEY_UISupportedInterfaceOrientations_iPhone = "UIInterfaceOrientationPortrait UIInterfaceOrientationLandscapeLeft UIInterfaceOrientationLandscapeRight";
				LD_RUNPATH_SEARCH_PATHS = (
					"$(inherited)",
					"@executable_path/Frameworks",
				);
				MARKETING_VERSION = 1.0.0;
				PRODUCT_BUNDLE_IDENTIFIER = com.katsuyatamai.TechEnglish;
				PRODUCT_NAME = "$(TARGET_NAME)";
				SWIFT_EMIT_LOC_STRINGS = YES;
				SWIFT_VERSION = 5.0;
				TARGETED_DEVICE_FAMILY = "1,2";
			};
			name = Release;
		};
		2317C6702D6D96DE00F8E1D4 /* Debug */ = {
			isa = XCBuildConfiguration;
			buildSettings = {
				ALWAYS_SEARCH_USER_PATHS = NO;
				ASSETCATALOG_COMPILER_GENERATE_SWIFT_ASSET_SYMBOL_EXTENSIONS = YES;
				CLANG_ANALYZER_LOCALIZABILITY_NONLOCALIZED = YES;
				CLANG_ANALYZER_NONNULL = YES;
				CLANG_ANALYZER_NUMBER_OBJECT_CONVERSION = YES_AGGRESSIVE;
				CLANG_CXX_LANGUAGE_STANDARD = "gnu++20";
				CLANG_ENABLE_MODULES = YES;
				CLANG_ENABLE_OBJC_ARC = YES;
				CLANG_ENABLE_OBJC_WEAK = YES;
				CLANG_WARN_BLOCK_CAPTURE_AUTORELEASING = YES;
				CLANG_WARN_BOOL_CONVERSION = YES;
				CLANG_WARN_COMMA = YES;
				CLANG_WARN_CONSTANT_CONVERSION = YES;
				CLANG_WARN_DEPRECATED_OBJC_IMPLEMENTATIONS = YES;
				CLANG_WARN_DIRECT_OBJC_ISA_USAGE = YES_ERROR;
				CLANG_WARN_DOCUMENTATION_COMMENTS = YES;
				CLANG_WARN_EMPTY_BODY = YES;
				CLANG_WARN_ENUM_CONVERSION = YES;
				CLANG_WARN_INFINITE_RECURSION = YES;
				CLANG_WARN_INT_CONVERSION = YES;
				CLANG_WARN_NON_LITERAL_NULL_CONVERSION = YES;
				CLANG_WARN_OBJC_IMPLICIT_RETAIN_SELF = YES;
				CLANG_WARN_OBJC_LITERAL_CONVERSION = YES;
				CLANG_WARN_OBJC_ROOT_CLASS = YES_ERROR;
				CLANG_WARN_QUOTED_INCLUDE_IN_FRAMEWORK_HEADER = YES;
				CLANG_WARN_RANGE_LOOP_ANALYSIS = YES;
				CLANG_WARN_STRICT_PROTOTYPES = YES;
				CLANG_WARN_SUSPICIOUS_MOVE = YES;
				CLANG_WARN_UNGUARDED_AVAILABILITY = YES_AGGRESSIVE;
				CLANG_WARN_UNREACHABLE_CODE = YES;
				CLANG_WARN__DUPLICATE_METHOD_MATCH = YES;
				COPY_PHASE_STRIP = NO;
				DEBUG_INFORMATION_FORMAT = dwarf;
				ENABLE_STRICT_OBJC_MSGSEND = YES;
				ENABLE_TESTABILITY = YES;
				ENABLE_USER_SCRIPT_SANDBOXING = YES;
				GCC_C_LANGUAGE_STANDARD = gnu17;
				GCC_DYNAMIC_NO_PIC = NO;
				GCC_NO_COMMON_BLOCKS = YES;
				GCC_OPTIMIZATION_LEVEL = 0;
				GCC_PREPROCESSOR_DEFINITIONS = (
					"DEBUG=1",
					"$(inherited)",
				);
				GCC_WARN_64_TO_32_BIT_CONVERSION = YES;
				GCC_WARN_ABOUT_RETURN_TYPE = YES_ERROR;
				GCC_WARN_UNDECLARED_SELECTOR = YES;
				GCC_WARN_UNINITIALIZED_AUTOS = YES_AGGRESSIVE;
				GCC_WARN_UNUSED_FUNCTION = YES;
				GCC_WARN_UNUSED_VARIABLE = YES;
				IPHONEOS_DEPLOYMENT_TARGET = 18.2;
				LOCALIZATION_PREFERS_STRING_CATALOGS = YES;
				MTL_ENABLE_DEBUG_INFO = INCLUDE_SOURCE;
				MTL_FAST_MATH = YES;
				ONLY_ACTIVE_ARCH = YES;
				SDKROOT = iphoneos;
				SWIFT_ACTIVE_COMPILATION_CONDITIONS = "DEBUG $(inherited)";
				SWIFT_OPTIMIZATION_LEVEL = "-Onone";
			};
			name = Debug;
		};
		2317C6712D6D96DE00F8E1D4 /* Release */ = {
			isa = XCBuildConfiguration;
			buildSettings = {
				ALWAYS_SEARCH_USER_PATHS = NO;
				ASSETCATALOG_COMPILER_GENERATE_SWIFT_ASSET_SYMBOL_EXTENSIONS = YES;
				CLANG_ANALYZER_LOCALIZABILITY_NONLOCALIZED = YES;
				CLANG_ANALYZER_NONNULL = YES;
				CLANG_ANALYZER_NUMBER_OBJECT_CONVERSION = YES_AGGRESSIVE;
				CLANG_CXX_LANGUAGE_STANDARD = "gnu++20";
				CLANG_ENABLE_MODULES = YES;
				CLANG_ENABLE_OBJC_ARC = YES;
				CLANG_ENABLE_OBJC_WEAK = YES;
				CLANG_WARN_BLOCK_CAPTURE_AUTORELEASING = YES;
				CLANG_WARN_BOOL_CONVERSION = YES;
				CLANG_WARN_COMMA = YES;
				CLANG_WARN_CONSTANT_CONVERSION = YES;
				CLANG_WARN_DEPRECATED_OBJC_IMPLEMENTATIONS = YES;
				CLANG_WARN_DIRECT_OBJC_ISA_USAGE = YES_ERROR;
				CLANG_WARN_DOCUMENTATION_COMMENTS = YES;
				CLANG_WARN_EMPTY_BODY = YES;
				CLANG_WARN_ENUM_CONVERSION = YES;
				CLANG_WARN_INFINITE_RECURSION = YES;
				CLANG_WARN_INT_CONVERSION = YES;
				CLANG_WARN_NON_LITERAL_NULL_CONVERSION = YES;
				CLANG_WARN_OBJC_IMPLICIT_RETAIN_SELF = YES;
				CLANG_WARN_OBJC_LITERAL_CONVERSION = YES;
				CLANG_WARN_OBJC_ROOT_CLASS = YES_ERROR;
				CLANG_WARN_QUOTED_INCLUDE_IN_FRAMEWORK_HEADER = YES;
				CLANG_WARN_RANGE_LOOP_ANALYSIS = YES;
				CLANG_WARN_STRICT_PROTOTYPES = YES;
				CLANG_WARN_SUSPICIOUS_MOVE = YES;
				CLANG_WARN_UNGUARDED_AVAILABILITY = YES_AGGRESSIVE;
				CLANG_WARN_UNREACHABLE_CODE = YES;
				CLANG_WARN__DUPLICATE_METHOD_MATCH = YES;
				COPY_PHASE_STRIP = NO;
				DEBUG_INFORMATION_FORMAT = "dwarf-with-dsym";
				ENABLE_NS_ASSERTIONS = NO;
				ENABLE_STRICT_OBJC_MSGSEND = YES;
				ENABLE_USER_SCRIPT_SANDBOXING = YES;
				GCC_C_LANGUAGE_STANDARD = gnu17;
				GCC_NO_COMMON_BLOCKS = YES;
				GCC_WARN_64_TO_32_BIT_CONVERSION = YES;
				GCC_WARN_ABOUT_RETURN_TYPE = YES_ERROR;
				GCC_WARN_UNDECLARED_SELECTOR = YES;
				GCC_WARN_UNINITIALIZED_AUTOS = YES_AGGRESSIVE;
				GCC_WARN_UNUSED_FUNCTION = YES;
				GCC_WARN_UNUSED_VARIABLE = YES;
				IPHONEOS_DEPLOYMENT_TARGET = 18.2;
				LOCALIZATION_PREFERS_STRING_CATALOGS = YES;
				MTL_ENABLE_DEBUG_INFO = NO;
				MTL_FAST_MATH = YES;
				SDKROOT = iphoneos;
				SWIFT_COMPILATION_MODE = wholemodule;
				VALIDATE_PRODUCT = YES;
			};
			name = Release;
		};
		2317C6732D6D96DE00F8E1D4 /* Debug */ = {
			isa = XCBuildConfiguration;
			baseConfigurationReference = CDA8A0D3B749765359065925 /* Pods-TechEnglishTests.debug.xcconfig */;
			buildSettings = {
				BUNDLE_LOADER = "$(TEST_HOST)";
				CODE_SIGN_STYLE = Automatic;
				CURRENT_PROJECT_VERSION = 1;
				DEVELOPMENT_TEAM = RXTSJ9F9Z8;
				GENERATE_INFOPLIST_FILE = YES;
				IPHONEOS_DEPLOYMENT_TARGET = 18.2;
				MARKETING_VERSION = 1.0;
				PRODUCT_BUNDLE_IDENTIFIER = com.katsuyatamai.TechEnglishTests;
				PRODUCT_NAME = "$(TARGET_NAME)";
				SWIFT_EMIT_LOC_STRINGS = NO;
				SWIFT_VERSION = 5.0;
				TARGETED_DEVICE_FAMILY = "1,2";
				TEST_HOST = "$(BUILT_PRODUCTS_DIR)/TechEnglish.app/$(BUNDLE_EXECUTABLE_FOLDER_PATH)/TechEnglish";
			};
			name = Debug;
		};
		2317C6742D6D96DE00F8E1D4 /* Release */ = {
			isa = XCBuildConfiguration;
			baseConfigurationReference = B85E5388E9E3749170B18184 /* Pods-TechEnglishTests.release.xcconfig */;
			buildSettings = {
				BUNDLE_LOADER = "$(TEST_HOST)";
				CODE_SIGN_STYLE = Automatic;
				CURRENT_PROJECT_VERSION = 1;
				DEVELOPMENT_TEAM = RXTSJ9F9Z8;
				GENERATE_INFOPLIST_FILE = YES;
				IPHONEOS_DEPLOYMENT_TARGET = 18.2;
				MARKETING_VERSION = 1.0;
				PRODUCT_BUNDLE_IDENTIFIER = com.katsuyatamai.TechEnglishTests;
				PRODUCT_NAME = "$(TARGET_NAME)";
				SWIFT_EMIT_LOC_STRINGS = NO;
				SWIFT_VERSION = 5.0;
				TARGETED_DEVICE_FAMILY = "1,2";
				TEST_HOST = "$(BUILT_PRODUCTS_DIR)/TechEnglish.app/$(BUNDLE_EXECUTABLE_FOLDER_PATH)/TechEnglish";
			};
			name = Release;
		};
		2317C6762D6D96DE00F8E1D4 /* Debug */ = {
			isa = XCBuildConfiguration;
			baseConfigurationReference = CFFF5C431C398AFCF4218BC0 /* Pods-TechEnglish-TechEnglishUITests.debug.xcconfig */;
			buildSettings = {
				CODE_SIGN_STYLE = Automatic;
				CURRENT_PROJECT_VERSION = 1;
				DEVELOPMENT_TEAM = RXTSJ9F9Z8;
				GENERATE_INFOPLIST_FILE = YES;
				MARKETING_VERSION = 1.0;
				PRODUCT_BUNDLE_IDENTIFIER = com.katsuyatamai.TechEnglishUITests;
				PRODUCT_NAME = "$(TARGET_NAME)";
				SWIFT_EMIT_LOC_STRINGS = NO;
				SWIFT_VERSION = 5.0;
				TARGETED_DEVICE_FAMILY = "1,2";
				TEST_TARGET_NAME = TechEnglish;
			};
			name = Debug;
		};
		2317C6772D6D96DE00F8E1D4 /* Release */ = {
			isa = XCBuildConfiguration;
			baseConfigurationReference = 2676E555D96CF7567418D47E /* Pods-TechEnglish-TechEnglishUITests.release.xcconfig */;
			buildSettings = {
				CODE_SIGN_STYLE = Automatic;
				CURRENT_PROJECT_VERSION = 1;
				DEVELOPMENT_TEAM = RXTSJ9F9Z8;
				GENERATE_INFOPLIST_FILE = YES;
				MARKETING_VERSION = 1.0;
				PRODUCT_BUNDLE_IDENTIFIER = com.katsuyatamai.TechEnglishUITests;
				PRODUCT_NAME = "$(TARGET_NAME)";
				SWIFT_EMIT_LOC_STRINGS = NO;
				SWIFT_VERSION = 5.0;
				TARGETED_DEVICE_FAMILY = "1,2";
				TEST_TARGET_NAME = TechEnglish;
			};
			name = Release;
		};
/* End XCBuildConfiguration section */

/* Begin XCConfigurationList section */
		2317C63F2D6D96DC00F8E1D4 /* Build configuration list for PBXProject "TechEnglish" */ = {
			isa = XCConfigurationList;
			buildConfigurations = (
				2317C6702D6D96DE00F8E1D4 /* Debug */,
				2317C6712D6D96DE00F8E1D4 /* Release */,
			);
			defaultConfigurationIsVisible = 0;
			defaultConfigurationName = Release;
		};
		2317C66D2D6D96DE00F8E1D4 /* Build configuration list for PBXNativeTarget "TechEnglish" */ = {
			isa = XCConfigurationList;
			buildConfigurations = (
				2317C66E2D6D96DE00F8E1D4 /* Debug */,
				2317C66F2D6D96DE00F8E1D4 /* Release */,
			);
			defaultConfigurationIsVisible = 0;
			defaultConfigurationName = Release;
		};
		2317C6722D6D96DE00F8E1D4 /* Build configuration list for PBXNativeTarget "TechEnglishTests" */ = {
			isa = XCConfigurationList;
			buildConfigurations = (
				2317C6732D6D96DE00F8E1D4 /* Debug */,
				2317C6742D6D96DE00F8E1D4 /* Release */,
			);
			defaultConfigurationIsVisible = 0;
			defaultConfigurationName = Release;
		};
		2317C6752D6D96DE00F8E1D4 /* Build configuration list for PBXNativeTarget "TechEnglishUITests" */ = {
			isa = XCConfigurationList;
			buildConfigurations = (
				2317C6762D6D96DE00F8E1D4 /* Debug */,
				2317C6772D6D96DE00F8E1D4 /* Release */,
			);
			defaultConfigurationIsVisible = 0;
			defaultConfigurationName = Release;
		};
/* End XCConfigurationList section */
	};
	rootObject = 2317C63C2D6D96DC00F8E1D4 /* Project object */;
}
